{
  "version": 4,
  "terraform_version": "1.7.0",
  "serial": 566,
  "lineage": "cb42a7bf-56e1-7496-c695-aa435178b45d",
  "outputs": {},
  "resources": [
    {
      "module": "module.database",
      "mode": "data",
      "type": "aws_security_group",
      "name": "default",
      "provider": "provider[\"registry.terraform.io/hashicorp/aws\"]",
      "instances": [
        {
          "schema_version": 0,
          "attributes": {
            "arn": "arn:aws:ec2:eu-north-1:133433735071:security-group/sg-01cc1ecacc1ac01e0",
            "description": "default VPC security group",
            "filter": null,
            "id": "sg-01cc1ecacc1ac01e0",
            "name": "default",
            "tags": {},
            "timeouts": null,
            "vpc_id": "vpc-010988ec05216299a"
          },
          "sensitive_attributes": []
        }
      ]
    },
    {
      "module": "module.database",
      "mode": "managed",
      "type": "aws_db_instance",
      "name": "rds_instance",
      "provider": "provider[\"registry.terraform.io/hashicorp/aws\"]",
      "instances": [
        {
          "schema_version": 2,
          "attributes": {
            "address": "rds.cbe2uwsk0o3r.eu-north-1.rds.amazonaws.com",
            "allocated_storage": 20,
            "allow_major_version_upgrade": null,
            "apply_immediately": false,
            "arn": "arn:aws:rds:eu-north-1:133433735071:db:rds",
            "auto_minor_version_upgrade": true,
            "availability_zone": "eu-north-1c",
            "backup_retention_period": 1,
            "backup_target": "region",
            "backup_window": "03:22-03:52",
            "blue_green_update": [],
            "ca_cert_identifier": "rds-ca-2019",
            "character_set_name": "",
            "copy_tags_to_snapshot": false,
            "custom_iam_instance_profile": "",
            "customer_owned_ip_enabled": false,
            "db_name": "forecasts_db",
            "db_subnet_group_name": "default",
            "delete_automated_backups": true,
            "deletion_protection": false,
            "domain": "",
            "domain_iam_role_name": "",
            "enabled_cloudwatch_logs_exports": [
              "postgresql"
            ],
            "endpoint": "rds.cbe2uwsk0o3r.eu-north-1.rds.amazonaws.com:5432",
            "engine": "postgres",
            "engine_version": "15",
            "engine_version_actual": "15.4",
            "final_snapshot_identifier": null,
            "hosted_zone_id": "Z3MPDEQW7KHUGY",
            "iam_database_authentication_enabled": false,
            "id": "db-YPLYS42G56YN5SY7V6TSBT3XYU",
            "identifier": "rds",
            "identifier_prefix": "",
            "instance_class": "db.t3.micro",
            "iops": 0,
            "kms_key_id": "",
            "latest_restorable_time": "2024-01-21T03:34:36Z",
            "license_model": "postgresql-license",
            "listener_endpoint": [],
            "maintenance_window": "sat:01:55-sat:02:25",
            "manage_master_user_password": null,
            "master_user_secret": [],
            "master_user_secret_kms_key_id": null,
            "max_allocated_storage": 0,
            "monitoring_interval": 0,
            "monitoring_role_arn": "",
            "multi_az": false,
            "nchar_character_set_name": "",
            "network_type": "IPV4",
            "option_group_name": "default:postgres-15",
            "parameter_group_name": "default.postgres15",
            "password": "czEFgTb.()6C0SMm",
            "performance_insights_enabled": false,
            "performance_insights_kms_key_id": "",
            "performance_insights_retention_period": 0,
            "port": 5432,
            "publicly_accessible": true,
            "replica_mode": "",
            "replicas": [],
            "replicate_source_db": "",
            "resource_id": "db-YPLYS42G56YN5SY7V6TSBT3XYU",
            "restore_to_point_in_time": [],
            "s3_import": [],
            "skip_final_snapshot": true,
            "snapshot_identifier": null,
            "status": "available",
            "storage_encrypted": false,
            "storage_throughput": 0,
            "storage_type": "gp2",
            "tags": {},
            "tags_all": {},
            "timeouts": null,
            "timezone": "",
            "username": "dbuser",
            "vpc_security_group_ids": [
              "sg-01cc1ecacc1ac01e0",
              "sg-06d9ed1a120e4653c",
              "sg-0cbc73eda17641a62"
            ]
          },
          "sensitive_attributes": [
            [
              {
                "type": "get_attr",
                "value": "username"
              }
            ],
            [
              {
                "type": "get_attr",
                "value": "password"
              }
            ]
          ],
          "private": "eyJlMmJmYjczMC1lY2FhLTExZTYtOGY4OC0zNDM2M2JjN2M0YzAiOnsiY3JlYXRlIjoyNDAwMDAwMDAwMDAwLCJkZWxldGUiOjM2MDAwMDAwMDAwMDAsInVwZGF0ZSI6NDgwMDAwMDAwMDAwMH0sInNjaGVtYV92ZXJzaW9uIjoiMiJ9",
          "dependencies": [
            "module.database.data.aws_security_group.default",
            "module.network.aws_eip.visible_address",
            "module.network.aws_nat_gateway.nat_gateway",
            "module.network.aws_route_table.private",
            "module.network.aws_route_table_association.instance",
            "module.network.aws_security_group.connect_to_rds",
            "module.network.aws_security_group.lambda_to_rds",
            "module.network.aws_security_group.rds_to_lambda",
            "module.network.data.aws_internet_gateway.default",
            "module.network.data.aws_subnets.default",
            "module.network.data.aws_vpc.default"
          ]
        }
      ]
    },
    {
      "module": "module.functions",
      "mode": "data",
      "type": "aws_ecr_repository",
      "name": "create_problem",
      "provider": "provider[\"registry.terraform.io/hashicorp/aws\"]",
      "instances": [
        {
          "schema_version": 0,
          "attributes": {
            "arn": "arn:aws:ecr:eu-north-1:133433735071:repository/create_problem",
            "encryption_configuration": [
              {
                "encryption_type": "AES256",
                "kms_key": ""
              }
            ],
            "id": "create_problem",
            "image_scanning_configuration": [
              {
                "scan_on_push": true
              }
            ],
            "image_tag_mutability": "MUTABLE",
            "most_recent_image_tags": [
              "latest"
            ],
            "name": "create_problem",
            "registry_id": "133433735071",
            "repository_url": "133433735071.dkr.ecr.eu-north-1.amazonaws.com/create_problem",
            "tags": {}
          },
          "sensitive_attributes": []
        }
      ]
    },
    {
      "module": "module.functions",
      "mode": "data",
      "type": "aws_ecr_repository",
      "name": "get_prices",
      "provider": "provider[\"registry.terraform.io/hashicorp/aws\"]",
      "instances": [
        {
          "schema_version": 0,
          "attributes": {
            "arn": "arn:aws:ecr:eu-north-1:133433735071:repository/get_prices",
            "encryption_configuration": [
              {
                "encryption_type": "AES256",
                "kms_key": ""
              }
            ],
            "id": "get_prices",
            "image_scanning_configuration": [
              {
                "scan_on_push": true
              }
            ],
            "image_tag_mutability": "MUTABLE",
            "most_recent_image_tags": [
              "latest"
            ],
            "name": "get_prices",
            "registry_id": "133433735071",
            "repository_url": "133433735071.dkr.ecr.eu-north-1.amazonaws.com/get_prices",
            "tags": {}
          },
          "sensitive_attributes": []
        }
      ]
    },
    {
      "module": "module.functions",
      "mode": "data",
      "type": "aws_ecr_repository",
      "name": "log_request",
      "provider": "provider[\"registry.terraform.io/hashicorp/aws\"]",
      "instances": [
        {
          "schema_version": 0,
          "attributes": {
            "arn": "arn:aws:ecr:eu-north-1:133433735071:repository/log_request",
            "encryption_configuration": [
              {
                "encryption_type": "AES256",
                "kms_key": ""
              }
            ],
            "id": "log_request",
            "image_scanning_configuration": [
              {
                "scan_on_push": true
              }
            ],
            "image_tag_mutability": "MUTABLE",
            "most_recent_image_tags": [
              "latest"
            ],
            "name": "log_request",
            "registry_id": "133433735071",
            "repository_url": "133433735071.dkr.ecr.eu-north-1.amazonaws.com/log_request",
            "tags": {}
          },
          "sensitive_attributes": []
        }
      ]
    },
    {
      "module": "module.functions",
      "mode": "data",
      "type": "aws_ecr_repository",
      "name": "merge",
      "provider": "provider[\"registry.terraform.io/hashicorp/aws\"]",
      "instances": [
        {
          "schema_version": 0,
          "attributes": {
            "arn": "arn:aws:ecr:eu-north-1:133433735071:repository/merge",
            "encryption_configuration": [
              {
                "encryption_type": "AES256",
                "kms_key": ""
              }
            ],
            "id": "merge",
            "image_scanning_configuration": [
              {
                "scan_on_push": true
              }
            ],
            "image_tag_mutability": "MUTABLE",
            "most_recent_image_tags": [
              "latest"
            ],
            "name": "merge",
            "registry_id": "133433735071",
            "repository_url": "133433735071.dkr.ecr.eu-north-1.amazonaws.com/merge",
            "tags": {}
          },
          "sensitive_attributes": []
        }
      ]
    },
    {
      "module": "module.functions",
      "mode": "data",
      "type": "aws_ecr_repository",
      "name": "prsl",
      "provider": "provider[\"registry.terraform.io/hashicorp/aws\"]",
      "instances": [
        {
          "schema_version": 0,
          "attributes": {
            "arn": "arn:aws:ecr:eu-north-1:133433735071:repository/prsl",
            "encryption_configuration": [
              {
                "encryption_type": "AES256",
                "kms_key": ""
              }
            ],
            "id": "prsl",
            "image_scanning_configuration": [
              {
                "scan_on_push": true
              }
            ],
            "image_tag_mutability": "MUTABLE",
            "most_recent_image_tags": [
              "latest"
            ],
            "name": "prsl",
            "registry_id": "133433735071",
            "repository_url": "133433735071.dkr.ecr.eu-north-1.amazonaws.com/prsl",
            "tags": {}
          },
          "sensitive_attributes": []
        }
      ]
    },
    {
      "module": "module.functions",
      "mode": "data",
      "type": "aws_ecr_repository",
      "name": "prss",
      "provider": "provider[\"registry.terraform.io/hashicorp/aws\"]",
      "instances": [
        {
          "schema_version": 0,
          "attributes": {
            "arn": "arn:aws:ecr:eu-north-1:133433735071:repository/prss",
            "encryption_configuration": [
              {
                "encryption_type": "AES256",
                "kms_key": ""
              }
            ],
            "id": "prss",
            "image_scanning_configuration": [
              {
                "scan_on_push": true
              }
            ],
            "image_tag_mutability": "MUTABLE",
            "most_recent_image_tags": [
              "latest"
            ],
            "name": "prss",
            "registry_id": "133433735071",
            "repository_url": "133433735071.dkr.ecr.eu-north-1.amazonaws.com/prss",
            "tags": {}
          },
          "sensitive_attributes": []
        }
      ]
    },
    {
      "module": "module.functions",
      "mode": "data",
      "type": "aws_ecr_repository",
      "name": "purge",
      "provider": "provider[\"registry.terraform.io/hashicorp/aws\"]",
      "instances": [
        {
          "schema_version": 0,
          "attributes": {
            "arn": "arn:aws:ecr:eu-north-1:133433735071:repository/purge",
            "encryption_configuration": [
              {
                "encryption_type": "AES256",
                "kms_key": ""
              }
            ],
            "id": "purge",
            "image_scanning_configuration": [
              {
                "scan_on_push": true
              }
            ],
            "image_tag_mutability": "MUTABLE",
            "most_recent_image_tags": [
              "latest"
            ],
            "name": "purge",
            "registry_id": "133433735071",
            "repository_url": "133433735071.dkr.ecr.eu-north-1.amazonaws.com/purge",
            "tags": {}
          },
          "sensitive_attributes": []
        }
      ]
    },
    {
      "module": "module.functions",
      "mode": "data",
      "type": "aws_ecr_repository",
      "name": "solver",
      "provider": "provider[\"registry.terraform.io/hashicorp/aws\"]",
      "instances": [
        {
          "schema_version": 0,
          "attributes": {
            "arn": "arn:aws:ecr:eu-north-1:133433735071:repository/solver",
            "encryption_configuration": [
              {
                "encryption_type": "AES256",
                "kms_key": ""
              }
            ],
            "id": "solver",
            "image_scanning_configuration": [
              {
                "scan_on_push": true
              }
            ],
            "image_tag_mutability": "MUTABLE",
            "most_recent_image_tags": [
              "latest"
            ],
            "name": "solver",
            "registry_id": "133433735071",
            "repository_url": "133433735071.dkr.ecr.eu-north-1.amazonaws.com/solver",
            "tags": {}
          },
          "sensitive_attributes": []
        }
      ]
    },
    {
      "module": "module.functions",
      "mode": "managed",
      "type": "aws_lambda_function",
      "name": "create_problem",
      "provider": "provider[\"registry.terraform.io/hashicorp/aws\"]",
      "instances": [
        {
          "schema_version": 0,
          "attributes": {
            "architectures": [
              "x86_64"
            ],
            "arn": "arn:aws:lambda:eu-north-1:133433735071:function:create_problem",
            "code_signing_config_arn": "",
            "dead_letter_config": [],
            "description": "",
            "environment": [
              {
                "variables": {
                  "DB_NAME": "forecasts_db",
                  "PASSWORD": "czEFgTb.()6C0SMm",
                  "RDS_HOST": "rds.cbe2uwsk0o3r.eu-north-1.rds.amazonaws.com",
                  "USER_NAME": "dbuser"
                }
              }
            ],
            "ephemeral_storage": [
              {
                "size": 512
              }
            ],
            "file_system_config": [],
            "filename": null,
            "function_name": "create_problem",
            "handler": "",
            "id": "create_problem",
            "image_config": [],
            "image_uri": "133433735071.dkr.ecr.eu-north-1.amazonaws.com/create_problem:latest",
            "invoke_arn": "arn:aws:apigateway:eu-north-1:lambda:path/2015-03-31/functions/arn:aws:lambda:eu-north-1:133433735071:function:create_problem/invocations",
            "kms_key_arn": "",
            "last_modified": "2024-01-21T01:24:12.000+0000",
            "layers": [],
            "logging_config": [
              {
                "application_log_level": "",
                "log_format": "Text",
                "log_group": "/aws/lambda/create_problem",
                "system_log_level": ""
              }
            ],
            "memory_size": 128,
            "package_type": "Image",
            "publish": false,
            "qualified_arn": "arn:aws:lambda:eu-north-1:133433735071:function:create_problem:$LATEST",
            "qualified_invoke_arn": "arn:aws:apigateway:eu-north-1:lambda:path/2015-03-31/functions/arn:aws:lambda:eu-north-1:133433735071:function:create_problem:$LATEST/invocations",
            "replace_security_groups_on_destroy": null,
            "replacement_security_group_ids": null,
            "reserved_concurrent_executions": -1,
            "role": "arn:aws:iam::133433735071:role/lambda_execution_role",
            "runtime": "",
            "s3_bucket": null,
            "s3_key": null,
            "s3_object_version": null,
            "signing_job_arn": "",
            "signing_profile_version_arn": "",
            "skip_destroy": false,
            "snap_start": [],
            "source_code_hash": "49dcb079d73d73477447d8f4daa811c1b7daa6dc1fb05b55be58d36a8cee3b1d",
            "source_code_size": 0,
            "tags": {},
            "tags_all": {},
            "timeout": 30,
            "timeouts": null,
            "tracing_config": [
              {
                "mode": "PassThrough"
              }
            ],
            "version": "$LATEST",
            "vpc_config": [
              {
                "ipv6_allowed_for_dual_stack": false,
                "security_group_ids": [
                  "sg-03ebfdc5d629b6d8f"
                ],
                "subnet_ids": [
                  "subnet-0269b53515840cb31",
                  "subnet-02c049bb71a4ed932",
                  "subnet-06425992c0d93a917"
                ],
                "vpc_id": "vpc-010988ec05216299a"
              }
            ]
          },
          "sensitive_attributes": [
            [
              {
                "type": "get_attr",
                "value": "environment"
              },
              {
                "type": "index",
                "value": {
                  "value": 0,
                  "type": "number"
                }
              },
              {
                "type": "get_attr",
                "value": "variables"
              },
              {
                "type": "index",
                "value": {
                  "value": "PASSWORD",
                  "type": "string"
                }
              }
            ],
            [
              {
                "type": "get_attr",
                "value": "environment"
              },
              {
                "type": "index",
                "value": {
                  "value": 0,
                  "type": "number"
                }
              },
              {
                "type": "get_attr",
                "value": "variables"
              },
              {
                "type": "index",
                "value": {
                  "value": "USER_NAME",
                  "type": "string"
                }
              }
            ]
          ],
          "private": "eyJlMmJmYjczMC1lY2FhLTExZTYtOGY4OC0zNDM2M2JjN2M0YzAiOnsiY3JlYXRlIjo2MDAwMDAwMDAwMDAsImRlbGV0ZSI6NjAwMDAwMDAwMDAwLCJ1cGRhdGUiOjYwMDAwMDAwMDAwMH19",
          "dependencies": [
            "module.database.aws_db_instance.rds_instance",
            "module.database.data.aws_security_group.default",
            "module.functions.data.aws_ecr_repository.create_problem",
            "module.network.aws_eip.visible_address",
            "module.network.aws_nat_gateway.nat_gateway",
            "module.network.aws_route_table.private",
            "module.network.aws_route_table_association.instance",
            "module.network.aws_security_group.connect_to_rds",
            "module.network.aws_security_group.lambda_to_rds",
            "module.network.aws_security_group.rds_to_lambda",
            "module.network.data.aws_internet_gateway.default",
            "module.network.data.aws_subnets.default",
            "module.network.data.aws_vpc.default",
            "module.queue.aws_sqs_queue.wits_data_queue",
            "module.queue.aws_sqs_queue.wits_dead_queue",
            "module.queue.aws_sqs_queue_redrive_allow_policy.queue_redrive_allow_policy",
            "module.roles.aws_iam_policy.lambda_policy",
            "module.roles.aws_iam_policy.merge_policy",
            "module.roles.aws_iam_policy.start_pipeline_policy",
            "module.roles.aws_iam_policy.state_machine_policy",
            "module.roles.aws_iam_policy.wits_policy",
            "module.roles.aws_iam_role.lambda_execution_role",
            "module.roles.aws_iam_role.merge_execution_role",
            "module.roles.aws_iam_role.start_pipeline_role",
            "module.roles.aws_iam_role.state_machine_execution_role",
            "module.roles.aws_iam_role.wits_execution_role",
            "module.roles.aws_iam_role_policy_attachment.attach_lambda_policy",
            "module.roles.aws_iam_role_policy_attachment.attach_merge_policy",
            "module.roles.aws_iam_role_policy_attachment.attach_start_pipeline_policy",
            "module.roles.aws_iam_role_policy_attachment.attach_state_machine_policy",
            "module.roles.aws_iam_role_policy_attachment.attach_wits_policy",
            "module.roles.data.aws_iam_policy_document.lambda_assume_role",
            "module.roles.data.aws_iam_policy_document.lambda_permissions",
            "module.roles.data.aws_iam_policy_document.merge_permissions",
            "module.roles.data.aws_iam_policy_document.start_pipeline_permissions",
            "module.roles.data.aws_iam_policy_document.state_machine_permissions",
            "module.roles.data.aws_iam_policy_document.step_func_assume_role",
            "module.roles.data.aws_iam_policy_document.wits_permissions"
          ]
        }
      ]
    },
    {
      "module": "module.functions",
      "mode": "managed",
      "type": "aws_lambda_function",
      "name": "get_prices",
      "provider": "provider[\"registry.terraform.io/hashicorp/aws\"]",
      "instances": [
        {
          "schema_version": 0,
          "attributes": {
            "architectures": [
              "x86_64"
            ],
            "arn": "arn:aws:lambda:eu-north-1:133433735071:function:get_prices",
            "code_signing_config_arn": "",
            "dead_letter_config": [],
            "description": "",
            "environment": [
              {
                "variables": {
                  "DB_NAME": "forecasts_db",
                  "PASSWORD": "czEFgTb.()6C0SMm",
                  "RDS_HOST": "rds.cbe2uwsk0o3r.eu-north-1.rds.amazonaws.com",
                  "USER_NAME": "dbuser"
                }
              }
            ],
            "ephemeral_storage": [
              {
                "size": 512
              }
            ],
            "file_system_config": [],
            "filename": null,
            "function_name": "get_prices",
            "handler": "",
            "id": "get_prices",
            "image_config": [],
            "image_uri": "133433735071.dkr.ecr.eu-north-1.amazonaws.com/get_prices:latest",
            "invoke_arn": "arn:aws:apigateway:eu-north-1:lambda:path/2015-03-31/functions/arn:aws:lambda:eu-north-1:133433735071:function:get_prices/invocations",
            "kms_key_arn": "",
            "last_modified": "2024-01-19T00:43:26.000+0000",
            "layers": [],
            "logging_config": [
              {
                "application_log_level": "",
                "log_format": "Text",
                "log_group": "/aws/lambda/get_prices",
                "system_log_level": ""
              }
            ],
            "memory_size": 128,
            "package_type": "Image",
            "publish": false,
            "qualified_arn": "arn:aws:lambda:eu-north-1:133433735071:function:get_prices:$LATEST",
            "qualified_invoke_arn": "arn:aws:apigateway:eu-north-1:lambda:path/2015-03-31/functions/arn:aws:lambda:eu-north-1:133433735071:function:get_prices:$LATEST/invocations",
            "replace_security_groups_on_destroy": null,
            "replacement_security_group_ids": null,
            "reserved_concurrent_executions": -1,
            "role": "arn:aws:iam::133433735071:role/lambda_execution_role",
            "runtime": "",
            "s3_bucket": null,
            "s3_key": null,
            "s3_object_version": null,
            "signing_job_arn": "",
            "signing_profile_version_arn": "",
            "skip_destroy": false,
            "snap_start": [],
            "source_code_hash": "43fb85f758bb92360806f22201e49ae2b19b4b17285d2e7d3e20e4c487f87d7a",
            "source_code_size": 0,
            "tags": {},
            "tags_all": {},
            "timeout": 30,
            "timeouts": null,
            "tracing_config": [
              {
                "mode": "PassThrough"
              }
            ],
            "version": "$LATEST",
            "vpc_config": [
              {
                "ipv6_allowed_for_dual_stack": false,
                "security_group_ids": [
                  "sg-03ebfdc5d629b6d8f"
                ],
                "subnet_ids": [
                  "subnet-0269b53515840cb31",
                  "subnet-02c049bb71a4ed932",
                  "subnet-06425992c0d93a917"
                ],
                "vpc_id": "vpc-010988ec05216299a"
              }
            ]
          },
          "sensitive_attributes": [
            [
              {
                "type": "get_attr",
                "value": "environment"
              },
              {
                "type": "index",
                "value": {
                  "value": 0,
                  "type": "number"
                }
              },
              {
                "type": "get_attr",
                "value": "variables"
              },
              {
                "type": "index",
                "value": {
                  "value": "PASSWORD",
                  "type": "string"
                }
              }
            ],
            [
              {
                "type": "get_attr",
                "value": "environment"
              },
              {
                "type": "index",
                "value": {
                  "value": 0,
                  "type": "number"
                }
              },
              {
                "type": "get_attr",
                "value": "variables"
              },
              {
                "type": "index",
                "value": {
                  "value": "USER_NAME",
                  "type": "string"
                }
              }
            ]
          ],
          "private": "eyJlMmJmYjczMC1lY2FhLTExZTYtOGY4OC0zNDM2M2JjN2M0YzAiOnsiY3JlYXRlIjo2MDAwMDAwMDAwMDAsImRlbGV0ZSI6NjAwMDAwMDAwMDAwLCJ1cGRhdGUiOjYwMDAwMDAwMDAwMH19",
          "dependencies": [
            "module.database.aws_db_instance.rds_instance",
            "module.database.data.aws_security_group.default",
            "module.functions.data.aws_ecr_repository.get_prices",
            "module.network.aws_eip.visible_address",
            "module.network.aws_nat_gateway.nat_gateway",
            "module.network.aws_route_table.private",
            "module.network.aws_route_table_association.instance",
            "module.network.aws_security_group.connect_to_rds",
            "module.network.aws_security_group.lambda_to_rds",
            "module.network.aws_security_group.rds_to_lambda",
            "module.network.data.aws_internet_gateway.default",
            "module.network.data.aws_subnets.default",
            "module.network.data.aws_vpc.default",
            "module.queue.aws_sqs_queue.wits_data_queue",
            "module.queue.aws_sqs_queue.wits_dead_queue",
            "module.queue.aws_sqs_queue_redrive_allow_policy.queue_redrive_allow_policy",
            "module.roles.aws_iam_policy.lambda_policy",
            "module.roles.aws_iam_policy.merge_policy",
            "module.roles.aws_iam_policy.start_pipeline_policy",
            "module.roles.aws_iam_policy.state_machine_policy",
            "module.roles.aws_iam_policy.wits_policy",
            "module.roles.aws_iam_role.lambda_execution_role",
            "module.roles.aws_iam_role.merge_execution_role",
            "module.roles.aws_iam_role.start_pipeline_role",
            "module.roles.aws_iam_role.state_machine_execution_role",
            "module.roles.aws_iam_role.wits_execution_role",
            "module.roles.aws_iam_role_policy_attachment.attach_lambda_policy",
            "module.roles.aws_iam_role_policy_attachment.attach_merge_policy",
            "module.roles.aws_iam_role_policy_attachment.attach_start_pipeline_policy",
            "module.roles.aws_iam_role_policy_attachment.attach_state_machine_policy",
            "module.roles.aws_iam_role_policy_attachment.attach_wits_policy",
            "module.roles.data.aws_iam_policy_document.lambda_assume_role",
            "module.roles.data.aws_iam_policy_document.lambda_permissions",
            "module.roles.data.aws_iam_policy_document.merge_permissions",
            "module.roles.data.aws_iam_policy_document.start_pipeline_permissions",
            "module.roles.data.aws_iam_policy_document.state_machine_permissions",
            "module.roles.data.aws_iam_policy_document.step_func_assume_role",
            "module.roles.data.aws_iam_policy_document.wits_permissions"
          ]
        }
      ]
    },
    {
      "module": "module.functions",
      "mode": "managed",
      "type": "aws_lambda_function",
      "name": "log_request",
      "provider": "provider[\"registry.terraform.io/hashicorp/aws\"]",
      "instances": [
        {
          "schema_version": 0,
          "attributes": {
            "architectures": [
              "x86_64"
            ],
            "arn": "arn:aws:lambda:eu-north-1:133433735071:function:log_request",
            "code_signing_config_arn": "",
            "dead_letter_config": [],
            "description": "",
            "environment": [
              {
                "variables": {
                  "DB_NAME": "forecasts_db",
                  "PASSWORD": "czEFgTb.()6C0SMm",
                  "RDS_HOST": "rds.cbe2uwsk0o3r.eu-north-1.rds.amazonaws.com",
                  "USER_NAME": "dbuser"
                }
              }
            ],
            "ephemeral_storage": [
              {
                "size": 512
              }
            ],
            "file_system_config": [],
            "filename": null,
            "function_name": "log_request",
            "handler": "",
            "id": "log_request",
            "image_config": [],
            "image_uri": "133433735071.dkr.ecr.eu-north-1.amazonaws.com/log_request:latest",
            "invoke_arn": "arn:aws:apigateway:eu-north-1:lambda:path/2015-03-31/functions/arn:aws:lambda:eu-north-1:133433735071:function:log_request/invocations",
            "kms_key_arn": "",
            "last_modified": "2024-01-21T03:36:21.000+0000",
            "layers": [],
            "logging_config": [
              {
                "application_log_level": "",
                "log_format": "Text",
                "log_group": "/aws/lambda/log_request",
                "system_log_level": ""
              }
            ],
            "memory_size": 128,
            "package_type": "Image",
            "publish": false,
            "qualified_arn": "arn:aws:lambda:eu-north-1:133433735071:function:log_request:$LATEST",
            "qualified_invoke_arn": "arn:aws:apigateway:eu-north-1:lambda:path/2015-03-31/functions/arn:aws:lambda:eu-north-1:133433735071:function:log_request:$LATEST/invocations",
            "replace_security_groups_on_destroy": null,
            "replacement_security_group_ids": null,
            "reserved_concurrent_executions": -1,
            "role": "arn:aws:iam::133433735071:role/lambda_execution_role",
            "runtime": "",
            "s3_bucket": null,
            "s3_key": null,
            "s3_object_version": null,
            "signing_job_arn": "",
            "signing_profile_version_arn": "",
            "skip_destroy": false,
            "snap_start": [],
            "source_code_hash": "33cf5e23531575368c91c576c9f7f9119088693242708b7011811818aa2f3089",
            "source_code_size": 0,
            "tags": {},
            "tags_all": {},
            "timeout": 30,
            "timeouts": null,
            "tracing_config": [
              {
                "mode": "PassThrough"
              }
            ],
            "version": "$LATEST",
            "vpc_config": [
              {
                "ipv6_allowed_for_dual_stack": false,
                "security_group_ids": [
                  "sg-03ebfdc5d629b6d8f"
                ],
                "subnet_ids": [
                  "subnet-0269b53515840cb31",
                  "subnet-02c049bb71a4ed932",
                  "subnet-06425992c0d93a917"
                ],
                "vpc_id": "vpc-010988ec05216299a"
              }
            ]
          },
          "sensitive_attributes": [
            [
              {
                "type": "get_attr",
                "value": "environment"
              },
              {
                "type": "index",
                "value": {
                  "value": 0,
                  "type": "number"
                }
              },
              {
                "type": "get_attr",
                "value": "variables"
              },
              {
                "type": "index",
                "value": {
                  "value": "PASSWORD",
                  "type": "string"
                }
              }
            ],
            [
              {
                "type": "get_attr",
                "value": "environment"
              },
              {
                "type": "index",
                "value": {
                  "value": 0,
                  "type": "number"
                }
              },
              {
                "type": "get_attr",
                "value": "variables"
              },
              {
                "type": "index",
                "value": {
                  "value": "USER_NAME",
                  "type": "string"
                }
              }
            ]
          ],
          "private": "eyJlMmJmYjczMC1lY2FhLTExZTYtOGY4OC0zNDM2M2JjN2M0YzAiOnsiY3JlYXRlIjo2MDAwMDAwMDAwMDAsImRlbGV0ZSI6NjAwMDAwMDAwMDAwLCJ1cGRhdGUiOjYwMDAwMDAwMDAwMH19",
          "dependencies": [
            "module.database.aws_db_instance.rds_instance",
            "module.database.data.aws_security_group.default",
            "module.functions.data.aws_ecr_repository.log_request",
            "module.network.aws_eip.visible_address",
            "module.network.aws_nat_gateway.nat_gateway",
            "module.network.aws_route_table.private",
            "module.network.aws_route_table_association.instance",
            "module.network.aws_security_group.connect_to_rds",
            "module.network.aws_security_group.lambda_to_rds",
            "module.network.aws_security_group.rds_to_lambda",
            "module.network.data.aws_internet_gateway.default",
            "module.network.data.aws_subnets.default",
            "module.network.data.aws_vpc.default",
            "module.queue.aws_sqs_queue.wits_data_queue",
            "module.queue.aws_sqs_queue.wits_dead_queue",
            "module.queue.aws_sqs_queue_redrive_allow_policy.queue_redrive_allow_policy",
            "module.roles.aws_iam_policy.lambda_policy",
            "module.roles.aws_iam_policy.merge_policy",
            "module.roles.aws_iam_policy.start_pipeline_policy",
            "module.roles.aws_iam_policy.state_machine_policy",
            "module.roles.aws_iam_policy.wits_policy",
            "module.roles.aws_iam_role.lambda_execution_role",
            "module.roles.aws_iam_role.merge_execution_role",
            "module.roles.aws_iam_role.start_pipeline_role",
            "module.roles.aws_iam_role.state_machine_execution_role",
            "module.roles.aws_iam_role.wits_execution_role",
            "module.roles.aws_iam_role_policy_attachment.attach_lambda_policy",
            "module.roles.aws_iam_role_policy_attachment.attach_merge_policy",
            "module.roles.aws_iam_role_policy_attachment.attach_start_pipeline_policy",
            "module.roles.aws_iam_role_policy_attachment.attach_state_machine_policy",
            "module.roles.aws_iam_role_policy_attachment.attach_wits_policy",
            "module.roles.data.aws_iam_policy_document.lambda_assume_role",
            "module.roles.data.aws_iam_policy_document.lambda_permissions",
            "module.roles.data.aws_iam_policy_document.merge_permissions",
            "module.roles.data.aws_iam_policy_document.start_pipeline_permissions",
            "module.roles.data.aws_iam_policy_document.state_machine_permissions",
            "module.roles.data.aws_iam_policy_document.step_func_assume_role",
            "module.roles.data.aws_iam_policy_document.wits_permissions"
          ]
        }
      ]
    },
    {
      "module": "module.functions",
      "mode": "managed",
      "type": "aws_lambda_function",
      "name": "merge",
      "provider": "provider[\"registry.terraform.io/hashicorp/aws\"]",
      "instances": [
        {
          "schema_version": 0,
          "attributes": {
            "architectures": [
              "x86_64"
            ],
            "arn": "arn:aws:lambda:eu-north-1:133433735071:function:merge",
            "code_signing_config_arn": "",
            "dead_letter_config": [],
            "description": "",
            "environment": [
              {
                "variables": {
                  "DB_NAME": "forecasts_db",
                  "PASSWORD": "czEFgTb.()6C0SMm",
                  "RDS_HOST": "rds.cbe2uwsk0o3r.eu-north-1.rds.amazonaws.com",
                  "USER_NAME": "dbuser"
                }
              }
            ],
            "ephemeral_storage": [
              {
                "size": 512
              }
            ],
            "file_system_config": [],
            "filename": null,
            "function_name": "merge",
            "handler": "",
            "id": "merge",
            "image_config": [],
            "image_uri": "133433735071.dkr.ecr.eu-north-1.amazonaws.com/merge:latest",
            "invoke_arn": "arn:aws:apigateway:eu-north-1:lambda:path/2015-03-31/functions/arn:aws:lambda:eu-north-1:133433735071:function:merge/invocations",
            "kms_key_arn": "",
            "last_modified": "2024-01-19T22:11:20.000+0000",
            "layers": [],
            "logging_config": [
              {
                "application_log_level": "",
                "log_format": "Text",
                "log_group": "/aws/lambda/merge",
                "system_log_level": ""
              }
            ],
            "memory_size": 128,
            "package_type": "Image",
            "publish": false,
            "qualified_arn": "arn:aws:lambda:eu-north-1:133433735071:function:merge:$LATEST",
            "qualified_invoke_arn": "arn:aws:apigateway:eu-north-1:lambda:path/2015-03-31/functions/arn:aws:lambda:eu-north-1:133433735071:function:merge:$LATEST/invocations",
            "replace_security_groups_on_destroy": null,
            "replacement_security_group_ids": null,
            "reserved_concurrent_executions": -1,
            "role": "arn:aws:iam::133433735071:role/merge_execution_role",
            "runtime": "",
            "s3_bucket": null,
            "s3_key": null,
            "s3_object_version": null,
            "signing_job_arn": "",
            "signing_profile_version_arn": "",
            "skip_destroy": false,
            "snap_start": [],
            "source_code_hash": "2c4ac605f97817111ac696fcdb996ad651ed51a149fa7eb935cd39e22cdcf203",
            "source_code_size": 0,
            "tags": {},
            "tags_all": {},
            "timeout": 30,
            "timeouts": null,
            "tracing_config": [
              {
                "mode": "PassThrough"
              }
            ],
            "version": "$LATEST",
            "vpc_config": [
              {
                "ipv6_allowed_for_dual_stack": false,
                "security_group_ids": [
                  "sg-03ebfdc5d629b6d8f"
                ],
                "subnet_ids": [
                  "subnet-0269b53515840cb31",
                  "subnet-02c049bb71a4ed932",
                  "subnet-06425992c0d93a917"
                ],
                "vpc_id": "vpc-010988ec05216299a"
              }
            ]
          },
          "sensitive_attributes": [
            [
              {
                "type": "get_attr",
                "value": "environment"
              },
              {
                "type": "index",
                "value": {
                  "value": 0,
                  "type": "number"
                }
              },
              {
                "type": "get_attr",
                "value": "variables"
              },
              {
                "type": "index",
                "value": {
                  "value": "PASSWORD",
                  "type": "string"
                }
              }
            ],
            [
              {
                "type": "get_attr",
                "value": "environment"
              },
              {
                "type": "index",
                "value": {
                  "value": 0,
                  "type": "number"
                }
              },
              {
                "type": "get_attr",
                "value": "variables"
              },
              {
                "type": "index",
                "value": {
                  "value": "USER_NAME",
                  "type": "string"
                }
              }
            ]
          ],
          "private": "eyJlMmJmYjczMC1lY2FhLTExZTYtOGY4OC0zNDM2M2JjN2M0YzAiOnsiY3JlYXRlIjo2MDAwMDAwMDAwMDAsImRlbGV0ZSI6NjAwMDAwMDAwMDAwLCJ1cGRhdGUiOjYwMDAwMDAwMDAwMH19",
          "dependencies": [
            "module.database.aws_db_instance.rds_instance",
            "module.database.data.aws_security_group.default",
            "module.functions.data.aws_ecr_repository.merge",
            "module.network.aws_eip.visible_address",
            "module.network.aws_nat_gateway.nat_gateway",
            "module.network.aws_route_table.private",
            "module.network.aws_route_table_association.instance",
            "module.network.aws_security_group.connect_to_rds",
            "module.network.aws_security_group.lambda_to_rds",
            "module.network.aws_security_group.rds_to_lambda",
            "module.network.data.aws_internet_gateway.default",
            "module.network.data.aws_subnets.default",
            "module.network.data.aws_vpc.default",
            "module.queue.aws_sqs_queue.wits_data_queue",
            "module.queue.aws_sqs_queue.wits_dead_queue",
            "module.queue.aws_sqs_queue_redrive_allow_policy.queue_redrive_allow_policy",
            "module.roles.aws_iam_policy.lambda_policy",
            "module.roles.aws_iam_policy.merge_policy",
            "module.roles.aws_iam_policy.start_pipeline_policy",
            "module.roles.aws_iam_policy.state_machine_policy",
            "module.roles.aws_iam_policy.wits_policy",
            "module.roles.aws_iam_role.lambda_execution_role",
            "module.roles.aws_iam_role.merge_execution_role",
            "module.roles.aws_iam_role.start_pipeline_role",
            "module.roles.aws_iam_role.state_machine_execution_role",
            "module.roles.aws_iam_role.wits_execution_role",
            "module.roles.aws_iam_role_policy_attachment.attach_lambda_policy",
            "module.roles.aws_iam_role_policy_attachment.attach_merge_policy",
            "module.roles.aws_iam_role_policy_attachment.attach_start_pipeline_policy",
            "module.roles.aws_iam_role_policy_attachment.attach_state_machine_policy",
            "module.roles.aws_iam_role_policy_attachment.attach_wits_policy",
            "module.roles.data.aws_iam_policy_document.lambda_assume_role",
            "module.roles.data.aws_iam_policy_document.lambda_permissions",
            "module.roles.data.aws_iam_policy_document.merge_permissions",
            "module.roles.data.aws_iam_policy_document.start_pipeline_permissions",
            "module.roles.data.aws_iam_policy_document.state_machine_permissions",
            "module.roles.data.aws_iam_policy_document.step_func_assume_role",
            "module.roles.data.aws_iam_policy_document.wits_permissions"
          ]
        }
      ]
    },
    {
      "module": "module.functions",
      "mode": "managed",
      "type": "aws_lambda_function",
      "name": "prsl",
      "provider": "provider[\"registry.terraform.io/hashicorp/aws\"]",
      "instances": [
        {
          "schema_version": 0,
          "attributes": {
            "architectures": [
              "x86_64"
            ],
            "arn": "arn:aws:lambda:eu-north-1:133433735071:function:prsl",
            "code_signing_config_arn": "",
            "dead_letter_config": [],
            "description": "",
            "environment": [
              {
                "variables": {
                  "CLIENT_ID": "Nrl6u19da0OKS12Q3L2CeWUW00tBkAmG",
                  "CLIENT_SECRET": "xWSZfFdOyfMZJp2NHS5twscTMl5SUVdO",
                  "QUEUE_URL": "https://sqs.eu-north-1.amazonaws.com/133433735071/wits_data_queue"
                }
              }
            ],
            "ephemeral_storage": [
              {
                "size": 512
              }
            ],
            "file_system_config": [],
            "filename": null,
            "function_name": "prsl",
            "handler": "",
            "id": "prsl",
            "image_config": [],
            "image_uri": "133433735071.dkr.ecr.eu-north-1.amazonaws.com/prsl:latest",
            "invoke_arn": "arn:aws:apigateway:eu-north-1:lambda:path/2015-03-31/functions/arn:aws:lambda:eu-north-1:133433735071:function:prsl/invocations",
            "kms_key_arn": "",
            "last_modified": "2024-01-19T00:11:57.068+0000",
            "layers": [],
            "logging_config": [
              {
                "application_log_level": "",
                "log_format": "Text",
                "log_group": "/aws/lambda/prsl",
                "system_log_level": ""
              }
            ],
            "memory_size": 128,
            "package_type": "Image",
            "publish": false,
            "qualified_arn": "arn:aws:lambda:eu-north-1:133433735071:function:prsl:$LATEST",
            "qualified_invoke_arn": "arn:aws:apigateway:eu-north-1:lambda:path/2015-03-31/functions/arn:aws:lambda:eu-north-1:133433735071:function:prsl:$LATEST/invocations",
            "replace_security_groups_on_destroy": null,
            "replacement_security_group_ids": null,
            "reserved_concurrent_executions": -1,
            "role": "arn:aws:iam::133433735071:role/wits_execution_role",
            "runtime": "",
            "s3_bucket": null,
            "s3_key": null,
            "s3_object_version": null,
            "signing_job_arn": "",
            "signing_profile_version_arn": "",
            "skip_destroy": false,
            "snap_start": [],
            "source_code_hash": "0aec13b967130ee915e9fa9edbda36e778dd14865f2051d87b948df78fe162fc",
            "source_code_size": 0,
            "tags": {},
            "tags_all": {},
            "timeout": 30,
            "timeouts": null,
            "tracing_config": [
              {
                "mode": "PassThrough"
              }
            ],
            "version": "$LATEST",
            "vpc_config": []
          },
          "sensitive_attributes": [
            [
              {
                "type": "get_attr",
                "value": "environment"
              },
              {
                "type": "index",
                "value": {
                  "value": 0,
                  "type": "number"
                }
              },
              {
                "type": "get_attr",
                "value": "variables"
              },
              {
                "type": "index",
                "value": {
                  "value": "CLIENT_ID",
                  "type": "string"
                }
              }
            ],
            [
              {
                "type": "get_attr",
                "value": "environment"
              },
              {
                "type": "index",
                "value": {
                  "value": 0,
                  "type": "number"
                }
              },
              {
                "type": "get_attr",
                "value": "variables"
              },
              {
                "type": "index",
                "value": {
                  "value": "CLIENT_SECRET",
                  "type": "string"
                }
              }
            ]
          ],
          "private": "eyJlMmJmYjczMC1lY2FhLTExZTYtOGY4OC0zNDM2M2JjN2M0YzAiOnsiY3JlYXRlIjo2MDAwMDAwMDAwMDAsImRlbGV0ZSI6NjAwMDAwMDAwMDAwLCJ1cGRhdGUiOjYwMDAwMDAwMDAwMH19",
          "dependencies": [
            "module.database.aws_db_instance.rds_instance",
            "module.database.data.aws_security_group.default",
            "module.functions.data.aws_ecr_repository.prsl",
            "module.network.aws_eip.visible_address",
            "module.network.aws_nat_gateway.nat_gateway",
            "module.network.aws_route_table.private",
            "module.network.aws_route_table_association.instance",
            "module.network.aws_security_group.connect_to_rds",
            "module.network.aws_security_group.lambda_to_rds",
            "module.network.aws_security_group.rds_to_lambda",
            "module.network.data.aws_internet_gateway.default",
            "module.network.data.aws_subnets.default",
            "module.network.data.aws_vpc.default",
            "module.queue.aws_sqs_queue.wits_data_queue",
            "module.queue.aws_sqs_queue.wits_dead_queue",
            "module.queue.aws_sqs_queue_redrive_allow_policy.queue_redrive_allow_policy",
            "module.roles.aws_iam_policy.lambda_policy",
            "module.roles.aws_iam_policy.merge_policy",
            "module.roles.aws_iam_policy.start_pipeline_policy",
            "module.roles.aws_iam_policy.state_machine_policy",
            "module.roles.aws_iam_policy.wits_policy",
            "module.roles.aws_iam_role.lambda_execution_role",
            "module.roles.aws_iam_role.merge_execution_role",
            "module.roles.aws_iam_role.start_pipeline_role",
            "module.roles.aws_iam_role.state_machine_execution_role",
            "module.roles.aws_iam_role.wits_execution_role",
            "module.roles.aws_iam_role_policy_attachment.attach_lambda_policy",
            "module.roles.aws_iam_role_policy_attachment.attach_merge_policy",
            "module.roles.aws_iam_role_policy_attachment.attach_start_pipeline_policy",
            "module.roles.aws_iam_role_policy_attachment.attach_state_machine_policy",
            "module.roles.aws_iam_role_policy_attachment.attach_wits_policy",
            "module.roles.data.aws_iam_policy_document.lambda_assume_role",
            "module.roles.data.aws_iam_policy_document.lambda_permissions",
            "module.roles.data.aws_iam_policy_document.merge_permissions",
            "module.roles.data.aws_iam_policy_document.start_pipeline_permissions",
            "module.roles.data.aws_iam_policy_document.state_machine_permissions",
            "module.roles.data.aws_iam_policy_document.step_func_assume_role",
            "module.roles.data.aws_iam_policy_document.wits_permissions"
          ]
        }
      ]
    },
    {
      "module": "module.functions",
      "mode": "managed",
      "type": "aws_lambda_function",
      "name": "prss",
      "provider": "provider[\"registry.terraform.io/hashicorp/aws\"]",
      "instances": [
        {
          "schema_version": 0,
          "attributes": {
            "architectures": [
              "x86_64"
            ],
            "arn": "arn:aws:lambda:eu-north-1:133433735071:function:prss",
            "code_signing_config_arn": "",
            "dead_letter_config": [],
            "description": "",
            "environment": [
              {
                "variables": {
                  "CLIENT_ID": "Nrl6u19da0OKS12Q3L2CeWUW00tBkAmG",
                  "CLIENT_SECRET": "xWSZfFdOyfMZJp2NHS5twscTMl5SUVdO",
                  "QUEUE_URL": "https://sqs.eu-north-1.amazonaws.com/133433735071/wits_data_queue"
                }
              }
            ],
            "ephemeral_storage": [
              {
                "size": 512
              }
            ],
            "file_system_config": [],
            "filename": null,
            "function_name": "prss",
            "handler": "",
            "id": "prss",
            "image_config": [],
            "image_uri": "133433735071.dkr.ecr.eu-north-1.amazonaws.com/prss:latest",
            "invoke_arn": "arn:aws:apigateway:eu-north-1:lambda:path/2015-03-31/functions/arn:aws:lambda:eu-north-1:133433735071:function:prss/invocations",
            "kms_key_arn": "",
            "last_modified": "2024-01-19T00:11:57.066+0000",
            "layers": [],
            "logging_config": [
              {
                "application_log_level": "",
                "log_format": "Text",
                "log_group": "/aws/lambda/prss",
                "system_log_level": ""
              }
            ],
            "memory_size": 128,
            "package_type": "Image",
            "publish": false,
            "qualified_arn": "arn:aws:lambda:eu-north-1:133433735071:function:prss:$LATEST",
            "qualified_invoke_arn": "arn:aws:apigateway:eu-north-1:lambda:path/2015-03-31/functions/arn:aws:lambda:eu-north-1:133433735071:function:prss:$LATEST/invocations",
            "replace_security_groups_on_destroy": null,
            "replacement_security_group_ids": null,
            "reserved_concurrent_executions": -1,
            "role": "arn:aws:iam::133433735071:role/wits_execution_role",
            "runtime": "",
            "s3_bucket": null,
            "s3_key": null,
            "s3_object_version": null,
            "signing_job_arn": "",
            "signing_profile_version_arn": "",
            "skip_destroy": false,
            "snap_start": [],
            "source_code_hash": "e5a040122424609cacbc7d5bc26abfef96b9c4585e099c25fe3d502b0ff957ba",
            "source_code_size": 0,
            "tags": {},
            "tags_all": {},
            "timeout": 30,
            "timeouts": null,
            "tracing_config": [
              {
                "mode": "PassThrough"
              }
            ],
            "version": "$LATEST",
            "vpc_config": []
          },
          "sensitive_attributes": [
            [
              {
                "type": "get_attr",
                "value": "environment"
              },
              {
                "type": "index",
                "value": {
                  "value": 0,
                  "type": "number"
                }
              },
              {
                "type": "get_attr",
                "value": "variables"
              },
              {
                "type": "index",
                "value": {
                  "value": "CLIENT_ID",
                  "type": "string"
                }
              }
            ],
            [
              {
                "type": "get_attr",
                "value": "environment"
              },
              {
                "type": "index",
                "value": {
                  "value": 0,
                  "type": "number"
                }
              },
              {
                "type": "get_attr",
                "value": "variables"
              },
              {
                "type": "index",
                "value": {
                  "value": "CLIENT_SECRET",
                  "type": "string"
                }
              }
            ]
          ],
          "private": "eyJlMmJmYjczMC1lY2FhLTExZTYtOGY4OC0zNDM2M2JjN2M0YzAiOnsiY3JlYXRlIjo2MDAwMDAwMDAwMDAsImRlbGV0ZSI6NjAwMDAwMDAwMDAwLCJ1cGRhdGUiOjYwMDAwMDAwMDAwMH19",
          "dependencies": [
            "module.database.aws_db_instance.rds_instance",
            "module.database.data.aws_security_group.default",
            "module.functions.data.aws_ecr_repository.prss",
            "module.network.aws_eip.visible_address",
            "module.network.aws_nat_gateway.nat_gateway",
            "module.network.aws_route_table.private",
            "module.network.aws_route_table_association.instance",
            "module.network.aws_security_group.connect_to_rds",
            "module.network.aws_security_group.lambda_to_rds",
            "module.network.aws_security_group.rds_to_lambda",
            "module.network.data.aws_internet_gateway.default",
            "module.network.data.aws_subnets.default",
            "module.network.data.aws_vpc.default",
            "module.queue.aws_sqs_queue.wits_data_queue",
            "module.queue.aws_sqs_queue.wits_dead_queue",
            "module.queue.aws_sqs_queue_redrive_allow_policy.queue_redrive_allow_policy",
            "module.roles.aws_iam_policy.lambda_policy",
            "module.roles.aws_iam_policy.merge_policy",
            "module.roles.aws_iam_policy.start_pipeline_policy",
            "module.roles.aws_iam_policy.state_machine_policy",
            "module.roles.aws_iam_policy.wits_policy",
            "module.roles.aws_iam_role.lambda_execution_role",
            "module.roles.aws_iam_role.merge_execution_role",
            "module.roles.aws_iam_role.start_pipeline_role",
            "module.roles.aws_iam_role.state_machine_execution_role",
            "module.roles.aws_iam_role.wits_execution_role",
            "module.roles.aws_iam_role_policy_attachment.attach_lambda_policy",
            "module.roles.aws_iam_role_policy_attachment.attach_merge_policy",
            "module.roles.aws_iam_role_policy_attachment.attach_start_pipeline_policy",
            "module.roles.aws_iam_role_policy_attachment.attach_state_machine_policy",
            "module.roles.aws_iam_role_policy_attachment.attach_wits_policy",
            "module.roles.data.aws_iam_policy_document.lambda_assume_role",
            "module.roles.data.aws_iam_policy_document.lambda_permissions",
            "module.roles.data.aws_iam_policy_document.merge_permissions",
            "module.roles.data.aws_iam_policy_document.start_pipeline_permissions",
            "module.roles.data.aws_iam_policy_document.state_machine_permissions",
            "module.roles.data.aws_iam_policy_document.step_func_assume_role",
            "module.roles.data.aws_iam_policy_document.wits_permissions"
          ]
        }
      ]
    },
    {
      "module": "module.functions",
      "mode": "managed",
      "type": "aws_lambda_function",
      "name": "purge",
      "provider": "provider[\"registry.terraform.io/hashicorp/aws\"]",
      "instances": [
        {
          "schema_version": 0,
          "attributes": {
            "architectures": [
              "x86_64"
            ],
            "arn": "arn:aws:lambda:eu-north-1:133433735071:function:purge",
            "code_signing_config_arn": "",
            "dead_letter_config": [],
            "description": "",
            "environment": [
              {
                "variables": {
                  "DB_NAME": "forecasts_db",
                  "PASSWORD": "czEFgTb.()6C0SMm",
                  "RDS_HOST": "rds.cbe2uwsk0o3r.eu-north-1.rds.amazonaws.com",
                  "USER_NAME": "dbuser"
                }
              }
            ],
            "ephemeral_storage": [
              {
                "size": 512
              }
            ],
            "file_system_config": [],
            "filename": null,
            "function_name": "purge",
            "handler": "",
            "id": "purge",
            "image_config": [],
            "image_uri": "133433735071.dkr.ecr.eu-north-1.amazonaws.com/purge:latest",
            "invoke_arn": "arn:aws:apigateway:eu-north-1:lambda:path/2015-03-31/functions/arn:aws:lambda:eu-north-1:133433735071:function:purge/invocations",
            "kms_key_arn": "",
            "last_modified": "2024-01-19T22:11:20.000+0000",
            "layers": [],
            "logging_config": [
              {
                "application_log_level": "",
                "log_format": "Text",
                "log_group": "/aws/lambda/purge",
                "system_log_level": ""
              }
            ],
            "memory_size": 128,
            "package_type": "Image",
            "publish": false,
            "qualified_arn": "arn:aws:lambda:eu-north-1:133433735071:function:purge:$LATEST",
            "qualified_invoke_arn": "arn:aws:apigateway:eu-north-1:lambda:path/2015-03-31/functions/arn:aws:lambda:eu-north-1:133433735071:function:purge:$LATEST/invocations",
            "replace_security_groups_on_destroy": null,
            "replacement_security_group_ids": null,
            "reserved_concurrent_executions": -1,
            "role": "arn:aws:iam::133433735071:role/lambda_execution_role",
            "runtime": "",
            "s3_bucket": null,
            "s3_key": null,
            "s3_object_version": null,
            "signing_job_arn": "",
            "signing_profile_version_arn": "",
            "skip_destroy": false,
            "snap_start": [],
            "source_code_hash": "b6af110e8413c3ad8d5e318d71d84c512efbf454aa474f73f162781a9471d759",
            "source_code_size": 0,
            "tags": {},
            "tags_all": {},
            "timeout": 30,
            "timeouts": null,
            "tracing_config": [
              {
                "mode": "PassThrough"
              }
            ],
            "version": "$LATEST",
            "vpc_config": [
              {
                "ipv6_allowed_for_dual_stack": false,
                "security_group_ids": [
                  "sg-03ebfdc5d629b6d8f"
                ],
                "subnet_ids": [
                  "subnet-0269b53515840cb31",
                  "subnet-02c049bb71a4ed932",
                  "subnet-06425992c0d93a917"
                ],
                "vpc_id": "vpc-010988ec05216299a"
              }
            ]
          },
          "sensitive_attributes": [
            [
              {
                "type": "get_attr",
                "value": "environment"
              },
              {
                "type": "index",
                "value": {
                  "value": 0,
                  "type": "number"
                }
              },
              {
                "type": "get_attr",
                "value": "variables"
              },
              {
                "type": "index",
                "value": {
                  "value": "PASSWORD",
                  "type": "string"
                }
              }
            ],
            [
              {
                "type": "get_attr",
                "value": "environment"
              },
              {
                "type": "index",
                "value": {
                  "value": 0,
                  "type": "number"
                }
              },
              {
                "type": "get_attr",
                "value": "variables"
              },
              {
                "type": "index",
                "value": {
                  "value": "USER_NAME",
                  "type": "string"
                }
              }
            ]
          ],
          "private": "eyJlMmJmYjczMC1lY2FhLTExZTYtOGY4OC0zNDM2M2JjN2M0YzAiOnsiY3JlYXRlIjo2MDAwMDAwMDAwMDAsImRlbGV0ZSI6NjAwMDAwMDAwMDAwLCJ1cGRhdGUiOjYwMDAwMDAwMDAwMH19",
          "dependencies": [
            "module.database.aws_db_instance.rds_instance",
            "module.database.data.aws_security_group.default",
            "module.functions.data.aws_ecr_repository.purge",
            "module.network.aws_eip.visible_address",
            "module.network.aws_nat_gateway.nat_gateway",
            "module.network.aws_route_table.private",
            "module.network.aws_route_table_association.instance",
            "module.network.aws_security_group.connect_to_rds",
            "module.network.aws_security_group.lambda_to_rds",
            "module.network.aws_security_group.rds_to_lambda",
            "module.network.data.aws_internet_gateway.default",
            "module.network.data.aws_subnets.default",
            "module.network.data.aws_vpc.default",
            "module.queue.aws_sqs_queue.wits_data_queue",
            "module.queue.aws_sqs_queue.wits_dead_queue",
            "module.queue.aws_sqs_queue_redrive_allow_policy.queue_redrive_allow_policy",
            "module.roles.aws_iam_policy.lambda_policy",
            "module.roles.aws_iam_policy.merge_policy",
            "module.roles.aws_iam_policy.start_pipeline_policy",
            "module.roles.aws_iam_policy.state_machine_policy",
            "module.roles.aws_iam_policy.wits_policy",
            "module.roles.aws_iam_role.lambda_execution_role",
            "module.roles.aws_iam_role.merge_execution_role",
            "module.roles.aws_iam_role.start_pipeline_role",
            "module.roles.aws_iam_role.state_machine_execution_role",
            "module.roles.aws_iam_role.wits_execution_role",
            "module.roles.aws_iam_role_policy_attachment.attach_lambda_policy",
            "module.roles.aws_iam_role_policy_attachment.attach_merge_policy",
            "module.roles.aws_iam_role_policy_attachment.attach_start_pipeline_policy",
            "module.roles.aws_iam_role_policy_attachment.attach_state_machine_policy",
            "module.roles.aws_iam_role_policy_attachment.attach_wits_policy",
            "module.roles.data.aws_iam_policy_document.lambda_assume_role",
            "module.roles.data.aws_iam_policy_document.lambda_permissions",
            "module.roles.data.aws_iam_policy_document.merge_permissions",
            "module.roles.data.aws_iam_policy_document.start_pipeline_permissions",
            "module.roles.data.aws_iam_policy_document.state_machine_permissions",
            "module.roles.data.aws_iam_policy_document.step_func_assume_role",
            "module.roles.data.aws_iam_policy_document.wits_permissions"
          ]
        }
      ]
    },
    {
      "module": "module.functions",
      "mode": "managed",
      "type": "aws_lambda_function",
      "name": "solver",
      "provider": "provider[\"registry.terraform.io/hashicorp/aws\"]",
      "instances": [
        {
          "schema_version": 0,
          "attributes": {
            "architectures": [
              "x86_64"
            ],
            "arn": "arn:aws:lambda:eu-north-1:133433735071:function:solver",
            "code_signing_config_arn": "",
            "dead_letter_config": [],
            "description": "",
            "environment": [
              {
                "variables": {
                  "DB_NAME": "forecasts_db",
                  "PASSWORD": "czEFgTb.()6C0SMm",
                  "RDS_HOST": "rds.cbe2uwsk0o3r.eu-north-1.rds.amazonaws.com",
                  "USER_NAME": "dbuser"
                }
              }
            ],
            "ephemeral_storage": [
              {
                "size": 512
              }
            ],
            "file_system_config": [],
            "filename": null,
            "function_name": "solver",
            "handler": "",
            "id": "solver",
            "image_config": [],
            "image_uri": "133433735071.dkr.ecr.eu-north-1.amazonaws.com/solver:latest",
            "invoke_arn": "arn:aws:apigateway:eu-north-1:lambda:path/2015-03-31/functions/arn:aws:lambda:eu-north-1:133433735071:function:solver/invocations",
            "kms_key_arn": "",
            "last_modified": "2024-01-19T00:43:26.000+0000",
            "layers": [],
            "logging_config": [
              {
                "application_log_level": "",
                "log_format": "Text",
                "log_group": "/aws/lambda/solver",
                "system_log_level": ""
              }
            ],
            "memory_size": 128,
            "package_type": "Image",
            "publish": false,
            "qualified_arn": "arn:aws:lambda:eu-north-1:133433735071:function:solver:$LATEST",
            "qualified_invoke_arn": "arn:aws:apigateway:eu-north-1:lambda:path/2015-03-31/functions/arn:aws:lambda:eu-north-1:133433735071:function:solver:$LATEST/invocations",
            "replace_security_groups_on_destroy": null,
            "replacement_security_group_ids": null,
            "reserved_concurrent_executions": -1,
            "role": "arn:aws:iam::133433735071:role/lambda_execution_role",
            "runtime": "",
            "s3_bucket": null,
            "s3_key": null,
            "s3_object_version": null,
            "signing_job_arn": "",
            "signing_profile_version_arn": "",
            "skip_destroy": false,
            "snap_start": [],
            "source_code_hash": "6260245367b1565afe247d5d14d566478875a212c1e16fc7f3970a400c00ac32",
            "source_code_size": 0,
            "tags": {},
            "tags_all": {},
            "timeout": 30,
            "timeouts": null,
            "tracing_config": [
              {
                "mode": "PassThrough"
              }
            ],
            "version": "$LATEST",
            "vpc_config": [
              {
                "ipv6_allowed_for_dual_stack": false,
                "security_group_ids": [
                  "sg-03ebfdc5d629b6d8f"
                ],
                "subnet_ids": [
                  "subnet-0269b53515840cb31",
                  "subnet-02c049bb71a4ed932",
                  "subnet-06425992c0d93a917"
                ],
                "vpc_id": "vpc-010988ec05216299a"
              }
            ]
          },
          "sensitive_attributes": [
            [
              {
                "type": "get_attr",
                "value": "environment"
              },
              {
                "type": "index",
                "value": {
                  "value": 0,
                  "type": "number"
                }
              },
              {
                "type": "get_attr",
                "value": "variables"
              },
              {
                "type": "index",
                "value": {
                  "value": "PASSWORD",
                  "type": "string"
                }
              }
            ],
            [
              {
                "type": "get_attr",
                "value": "environment"
              },
              {
                "type": "index",
                "value": {
                  "value": 0,
                  "type": "number"
                }
              },
              {
                "type": "get_attr",
                "value": "variables"
              },
              {
                "type": "index",
                "value": {
                  "value": "USER_NAME",
                  "type": "string"
                }
              }
            ]
          ],
          "private": "eyJlMmJmYjczMC1lY2FhLTExZTYtOGY4OC0zNDM2M2JjN2M0YzAiOnsiY3JlYXRlIjo2MDAwMDAwMDAwMDAsImRlbGV0ZSI6NjAwMDAwMDAwMDAwLCJ1cGRhdGUiOjYwMDAwMDAwMDAwMH19",
          "dependencies": [
            "module.database.aws_db_instance.rds_instance",
            "module.database.data.aws_security_group.default",
            "module.functions.data.aws_ecr_repository.solver",
            "module.network.aws_eip.visible_address",
            "module.network.aws_nat_gateway.nat_gateway",
            "module.network.aws_route_table.private",
            "module.network.aws_route_table_association.instance",
            "module.network.aws_security_group.connect_to_rds",
            "module.network.aws_security_group.lambda_to_rds",
            "module.network.aws_security_group.rds_to_lambda",
            "module.network.data.aws_internet_gateway.default",
            "module.network.data.aws_subnets.default",
            "module.network.data.aws_vpc.default",
            "module.queue.aws_sqs_queue.wits_data_queue",
            "module.queue.aws_sqs_queue.wits_dead_queue",
            "module.queue.aws_sqs_queue_redrive_allow_policy.queue_redrive_allow_policy",
            "module.roles.aws_iam_policy.lambda_policy",
            "module.roles.aws_iam_policy.merge_policy",
            "module.roles.aws_iam_policy.start_pipeline_policy",
            "module.roles.aws_iam_policy.state_machine_policy",
            "module.roles.aws_iam_policy.wits_policy",
            "module.roles.aws_iam_role.lambda_execution_role",
            "module.roles.aws_iam_role.merge_execution_role",
            "module.roles.aws_iam_role.start_pipeline_role",
            "module.roles.aws_iam_role.state_machine_execution_role",
            "module.roles.aws_iam_role.wits_execution_role",
            "module.roles.aws_iam_role_policy_attachment.attach_lambda_policy",
            "module.roles.aws_iam_role_policy_attachment.attach_merge_policy",
            "module.roles.aws_iam_role_policy_attachment.attach_start_pipeline_policy",
            "module.roles.aws_iam_role_policy_attachment.attach_state_machine_policy",
            "module.roles.aws_iam_role_policy_attachment.attach_wits_policy",
            "module.roles.data.aws_iam_policy_document.lambda_assume_role",
            "module.roles.data.aws_iam_policy_document.lambda_permissions",
            "module.roles.data.aws_iam_policy_document.merge_permissions",
            "module.roles.data.aws_iam_policy_document.start_pipeline_permissions",
            "module.roles.data.aws_iam_policy_document.state_machine_permissions",
            "module.roles.data.aws_iam_policy_document.step_func_assume_role",
            "module.roles.data.aws_iam_policy_document.wits_permissions"
          ]
        }
      ]
    },
    {
      "module": "module.network",
      "mode": "data",
      "type": "aws_internet_gateway",
      "name": "default",
      "provider": "provider[\"registry.terraform.io/hashicorp/aws\"]",
      "instances": [
        {
          "schema_version": 0,
          "attributes": {
            "arn": "arn:aws:ec2:eu-north-1:133433735071:internet-gateway/igw-0c701f686f905fbb2",
            "attachments": [
              {
                "state": "available",
                "vpc_id": "vpc-010988ec05216299a"
              }
            ],
            "filter": [
              {
                "name": "attachment.vpc-id",
                "values": [
                  "vpc-010988ec05216299a"
                ]
              }
            ],
            "id": "igw-0c701f686f905fbb2",
            "internet_gateway_id": "igw-0c701f686f905fbb2",
            "owner_id": "133433735071",
            "tags": {},
            "timeouts": null
          },
          "sensitive_attributes": []
        }
      ]
    },
    {
      "module": "module.network",
      "mode": "data",
      "type": "aws_subnets",
      "name": "default",
      "provider": "provider[\"registry.terraform.io/hashicorp/aws\"]",
      "instances": [
        {
          "schema_version": 0,
          "attributes": {
            "filter": [
              {
                "name": "vpc-id",
                "values": [
                  "vpc-010988ec05216299a"
                ]
              }
            ],
            "id": "eu-north-1",
            "ids": [
              "subnet-02c049bb71a4ed932",
              "subnet-06425992c0d93a917",
              "subnet-0269b53515840cb31"
            ],
            "tags": null,
            "timeouts": null
          },
          "sensitive_attributes": []
        }
      ]
    },
    {
      "module": "module.network",
      "mode": "data",
      "type": "aws_vpc",
      "name": "default",
      "provider": "provider[\"registry.terraform.io/hashicorp/aws\"]",
      "instances": [
        {
          "schema_version": 0,
          "attributes": {
            "arn": "arn:aws:ec2:eu-north-1:133433735071:vpc/vpc-010988ec05216299a",
            "cidr_block": "172.31.0.0/16",
            "cidr_block_associations": [
              {
                "association_id": "vpc-cidr-assoc-040b8e7c4bd361546",
                "cidr_block": "172.31.0.0/16",
                "state": "associated"
              }
            ],
            "default": true,
            "dhcp_options_id": "dopt-0aa940fe1d4755940",
            "enable_dns_hostnames": true,
            "enable_dns_support": true,
            "enable_network_address_usage_metrics": false,
            "filter": null,
            "id": "vpc-010988ec05216299a",
            "instance_tenancy": "default",
            "ipv6_association_id": "",
            "ipv6_cidr_block": "",
            "main_route_table_id": "rtb-09eea9dbbeafa410f",
            "owner_id": "133433735071",
            "state": null,
            "tags": {},
            "timeouts": null
          },
          "sensitive_attributes": []
        }
      ]
    },
    {
      "module": "module.network",
      "mode": "managed",
      "type": "aws_eip",
      "name": "visible_address",
      "provider": "provider[\"registry.terraform.io/hashicorp/aws\"]",
      "instances": [
        {
          "schema_version": 0,
          "attributes": {
            "address": null,
            "allocation_id": "eipalloc-0bfcf87c969fce02c",
            "associate_with_private_ip": null,
            "association_id": "eipassoc-04a40cab171c016e3",
            "carrier_ip": "",
            "customer_owned_ip": "",
            "customer_owned_ipv4_pool": "",
            "domain": "vpc",
            "id": "eipalloc-0bfcf87c969fce02c",
            "instance": "",
            "network_border_group": "eu-north-1",
            "network_interface": "eni-0ccb8f2a8db8ec821",
            "private_dns": "ip-172-31-40-190.eu-north-1.compute.internal",
            "private_ip": "172.31.40.190",
            "public_dns": "ec2-13-53-99-4.eu-north-1.compute.amazonaws.com",
            "public_ip": "13.53.99.4",
            "public_ipv4_pool": "amazon",
            "tags": {},
            "tags_all": {},
            "timeouts": null,
            "vpc": true
          },
          "sensitive_attributes": [],
          "private": "eyJlMmJmYjczMC1lY2FhLTExZTYtOGY4OC0zNDM2M2JjN2M0YzAiOnsiZGVsZXRlIjoxODAwMDAwMDAwMDAsInJlYWQiOjkwMDAwMDAwMDAwMCwidXBkYXRlIjozMDAwMDAwMDAwMDB9fQ==",
          "dependencies": [
            "module.network.data.aws_internet_gateway.default",
            "module.network.data.aws_vpc.default"
          ]
        }
      ]
    },
    {
      "module": "module.network",
      "mode": "managed",
      "type": "aws_nat_gateway",
      "name": "nat_gateway",
      "provider": "provider[\"registry.terraform.io/hashicorp/aws\"]",
      "instances": [
        {
          "schema_version": 0,
          "attributes": {
            "allocation_id": "eipalloc-0bfcf87c969fce02c",
            "association_id": "eipassoc-04a40cab171c016e3",
            "connectivity_type": "public",
            "id": "nat-077b9ba721a5bd0ed",
            "network_interface_id": "eni-0ccb8f2a8db8ec821",
            "private_ip": "172.31.40.190",
            "public_ip": "13.53.99.4",
            "secondary_allocation_ids": [],
            "secondary_private_ip_address_count": 0,
            "secondary_private_ip_addresses": [],
            "subnet_id": "subnet-02c049bb71a4ed932",
            "tags": {},
            "tags_all": {},
            "timeouts": null
          },
          "sensitive_attributes": [],
          "private": "eyJlMmJmYjczMC1lY2FhLTExZTYtOGY4OC0zNDM2M2JjN2M0YzAiOnsiY3JlYXRlIjo2MDAwMDAwMDAwMDAsImRlbGV0ZSI6MTgwMDAwMDAwMDAwMCwidXBkYXRlIjo2MDAwMDAwMDAwMDB9fQ==",
          "dependencies": [
            "module.network.aws_eip.visible_address",
            "module.network.data.aws_internet_gateway.default",
            "module.network.data.aws_subnets.default",
            "module.network.data.aws_vpc.default"
          ]
        }
      ]
    },
    {
      "module": "module.network",
      "mode": "managed",
      "type": "aws_route_table",
      "name": "private",
      "provider": "provider[\"registry.terraform.io/hashicorp/aws\"]",
      "instances": [
        {
          "schema_version": 0,
          "attributes": {
            "arn": "arn:aws:ec2:eu-north-1:133433735071:route-table/rtb-0712fa3d0e21fb3c6",
            "id": "rtb-0712fa3d0e21fb3c6",
            "owner_id": "133433735071",
            "propagating_vgws": [],
            "route": [
              {
                "carrier_gateway_id": "",
                "cidr_block": "0.0.0.0/0",
                "core_network_arn": "",
                "destination_prefix_list_id": "",
                "egress_only_gateway_id": "",
                "gateway_id": "",
                "ipv6_cidr_block": "",
                "local_gateway_id": "",
                "nat_gateway_id": "nat-077b9ba721a5bd0ed",
                "network_interface_id": "",
                "transit_gateway_id": "",
                "vpc_endpoint_id": "",
                "vpc_peering_connection_id": ""
              }
            ],
            "tags": {},
            "tags_all": {},
            "timeouts": null,
            "vpc_id": "vpc-010988ec05216299a"
          },
          "sensitive_attributes": [],
          "private": "eyJlMmJmYjczMC1lY2FhLTExZTYtOGY4OC0zNDM2M2JjN2M0YzAiOnsiY3JlYXRlIjozMDAwMDAwMDAwMDAsImRlbGV0ZSI6MzAwMDAwMDAwMDAwLCJ1cGRhdGUiOjEyMDAwMDAwMDAwMH19",
          "dependencies": [
            "module.network.aws_eip.visible_address",
            "module.network.aws_nat_gateway.nat_gateway",
            "module.network.data.aws_internet_gateway.default",
            "module.network.data.aws_subnets.default",
            "module.network.data.aws_vpc.default"
          ]
        }
      ]
    },
    {
      "module": "module.network",
      "mode": "managed",
      "type": "aws_route_table_association",
      "name": "instance",
      "provider": "provider[\"registry.terraform.io/hashicorp/aws\"]",
      "instances": [
        {
          "schema_version": 0,
          "attributes": {
            "gateway_id": "",
            "id": "rtbassoc-05a3279e86b511fd0",
            "route_table_id": "rtb-0712fa3d0e21fb3c6",
            "subnet_id": "subnet-02c049bb71a4ed932",
            "timeouts": null
          },
          "sensitive_attributes": [],
          "private": "eyJlMmJmYjczMC1lY2FhLTExZTYtOGY4OC0zNDM2M2JjN2M0YzAiOnsiY3JlYXRlIjozMDAwMDAwMDAwMDAsImRlbGV0ZSI6MzAwMDAwMDAwMDAwLCJ1cGRhdGUiOjEyMDAwMDAwMDAwMH19",
          "dependencies": [
            "module.network.aws_eip.visible_address",
            "module.network.aws_nat_gateway.nat_gateway",
            "module.network.aws_route_table.private",
            "module.network.data.aws_internet_gateway.default",
            "module.network.data.aws_subnets.default",
            "module.network.data.aws_vpc.default"
          ]
        }
      ]
    },
    {
      "module": "module.network",
      "mode": "managed",
      "type": "aws_security_group",
      "name": "connect_to_rds",
      "provider": "provider[\"registry.terraform.io/hashicorp/aws\"]",
      "instances": [
        {
          "schema_version": 1,
          "attributes": {
            "arn": "arn:aws:ec2:eu-north-1:133433735071:security-group/sg-06d9ed1a120e4653c",
            "description": "Security group attached to RDS, to allow local connection to the database, for database administration",
            "egress": [
              {
                "cidr_blocks": [
                  "0.0.0.0/0"
                ],
                "description": "Allow all outbound traffic from the database",
                "from_port": 5432,
                "ipv6_cidr_blocks": [],
                "prefix_list_ids": [],
                "protocol": "tcp",
                "security_groups": [],
                "self": false,
                "to_port": 5432
              }
            ],
            "id": "sg-06d9ed1a120e4653c",
            "ingress": [
              {
                "cidr_blocks": [
                  "202.138.37.42/32"
                ],
                "description": "Allow connections from the designated home IP address, to administrate the database",
                "from_port": 5432,
                "ipv6_cidr_blocks": [],
                "prefix_list_ids": [],
                "protocol": "tcp",
                "security_groups": [],
                "self": false,
                "to_port": 5432
              }
            ],
            "name": "connect_to_rds",
            "name_prefix": "",
            "owner_id": "133433735071",
            "revoke_rules_on_delete": false,
            "tags": {},
            "tags_all": {},
            "timeouts": null,
            "vpc_id": "vpc-010988ec05216299a"
          },
          "sensitive_attributes": [
            [
              {
                "type": "get_attr",
                "value": "ingress"
              }
            ]
          ],
          "private": "eyJlMmJmYjczMC1lY2FhLTExZTYtOGY4OC0zNDM2M2JjN2M0YzAiOnsiY3JlYXRlIjo2MDAwMDAwMDAwMDAsImRlbGV0ZSI6OTAwMDAwMDAwMDAwfSwic2NoZW1hX3ZlcnNpb24iOiIxIn0=",
          "dependencies": [
            "module.network.data.aws_vpc.default"
          ]
        }
      ]
    },
    {
      "module": "module.network",
      "mode": "managed",
      "type": "aws_security_group",
      "name": "lambda_to_rds",
      "provider": "provider[\"registry.terraform.io/hashicorp/aws\"]",
      "instances": [
        {
          "schema_version": 1,
          "attributes": {
            "arn": "arn:aws:ec2:eu-north-1:133433735071:security-group/sg-03ebfdc5d629b6d8f",
            "description": "Security group attached to Lambda functions, so other security groups can refer to it, to allow connection to RDS",
            "egress": [
              {
                "cidr_blocks": [
                  "0.0.0.0/0"
                ],
                "description": "Allow all outbound traffic from the function",
                "from_port": 5432,
                "ipv6_cidr_blocks": [],
                "prefix_list_ids": [],
                "protocol": "tcp",
                "security_groups": [],
                "self": false,
                "to_port": 5432
              }
            ],
            "id": "sg-03ebfdc5d629b6d8f",
            "ingress": [],
            "name": "lambda_to_rds",
            "name_prefix": "",
            "owner_id": "133433735071",
            "revoke_rules_on_delete": false,
            "tags": {},
            "tags_all": {},
            "timeouts": null,
            "vpc_id": "vpc-010988ec05216299a"
          },
          "sensitive_attributes": [],
          "private": "eyJlMmJmYjczMC1lY2FhLTExZTYtOGY4OC0zNDM2M2JjN2M0YzAiOnsiY3JlYXRlIjo2MDAwMDAwMDAwMDAsImRlbGV0ZSI6OTAwMDAwMDAwMDAwfSwic2NoZW1hX3ZlcnNpb24iOiIxIn0=",
          "dependencies": [
            "module.network.data.aws_vpc.default"
          ]
        }
      ]
    },
    {
      "module": "module.network",
      "mode": "managed",
      "type": "aws_security_group",
      "name": "rds_to_lambda",
      "provider": "provider[\"registry.terraform.io/hashicorp/aws\"]",
      "instances": [
        {
          "schema_version": 1,
          "attributes": {
            "arn": "arn:aws:ec2:eu-north-1:133433735071:security-group/sg-0cbc73eda17641a62",
            "description": "Security group attached to RDS, to allow connections from Lambda functions to the database",
            "egress": [
              {
                "cidr_blocks": [
                  "0.0.0.0/0"
                ],
                "description": "Allow all outbound traffic from the database",
                "from_port": 5432,
                "ipv6_cidr_blocks": [],
                "prefix_list_ids": [],
                "protocol": "tcp",
                "security_groups": [],
                "self": false,
                "to_port": 5432
              }
            ],
            "id": "sg-0cbc73eda17641a62",
            "ingress": [
              {
                "cidr_blocks": [],
                "description": "Allow connections from the security group attached to Lambda functions",
                "from_port": 5432,
                "ipv6_cidr_blocks": [],
                "prefix_list_ids": [],
                "protocol": "tcp",
                "security_groups": [
                  "sg-03ebfdc5d629b6d8f"
                ],
                "self": false,
                "to_port": 5432
              }
            ],
            "name": "rds_to_lambda",
            "name_prefix": "",
            "owner_id": "133433735071",
            "revoke_rules_on_delete": false,
            "tags": {},
            "tags_all": {},
            "timeouts": null,
            "vpc_id": "vpc-010988ec05216299a"
          },
          "sensitive_attributes": [],
          "private": "eyJlMmJmYjczMC1lY2FhLTExZTYtOGY4OC0zNDM2M2JjN2M0YzAiOnsiY3JlYXRlIjo2MDAwMDAwMDAwMDAsImRlbGV0ZSI6OTAwMDAwMDAwMDAwfSwic2NoZW1hX3ZlcnNpb24iOiIxIn0=",
          "dependencies": [
            "module.network.aws_security_group.lambda_to_rds",
            "module.network.data.aws_vpc.default"
          ]
        }
      ]
    },
    {
      "module": "module.penultimate",
      "mode": "data",
      "type": "aws_ecr_repository",
      "name": "start_pipeline",
      "provider": "provider[\"registry.terraform.io/hashicorp/aws\"]",
      "instances": [
        {
          "schema_version": 0,
          "attributes": {
            "arn": "arn:aws:ecr:eu-north-1:133433735071:repository/start_pipeline",
            "encryption_configuration": [
              {
                "encryption_type": "AES256",
                "kms_key": ""
              }
            ],
            "id": "start_pipeline",
            "image_scanning_configuration": [
              {
                "scan_on_push": true
              }
            ],
            "image_tag_mutability": "MUTABLE",
            "most_recent_image_tags": [
              "latest"
            ],
            "name": "start_pipeline",
            "registry_id": "133433735071",
            "repository_url": "133433735071.dkr.ecr.eu-north-1.amazonaws.com/start_pipeline",
            "tags": {}
          },
          "sensitive_attributes": []
        }
      ]
    },
    {
      "module": "module.penultimate",
      "mode": "managed",
      "type": "aws_lambda_function",
      "name": "start_pipeline",
      "provider": "provider[\"registry.terraform.io/hashicorp/aws\"]",
      "instances": [
        {
          "schema_version": 0,
          "attributes": {
            "architectures": [
              "x86_64"
            ],
            "arn": "arn:aws:lambda:eu-north-1:133433735071:function:start_pipeline",
            "code_signing_config_arn": "",
            "dead_letter_config": [],
            "description": "",
            "environment": [
              {
                "variables": {
                  "STATE_MACHINE_ARN": "arn:aws:states:eu-north-1:133433735071:stateMachine:problems_pipeline_state_machine"
                }
              }
            ],
            "ephemeral_storage": [
              {
                "size": 512
              }
            ],
            "file_system_config": [],
            "filename": null,
            "function_name": "start_pipeline",
            "handler": "",
            "id": "start_pipeline",
            "image_config": [],
            "image_uri": "133433735071.dkr.ecr.eu-north-1.amazonaws.com/start_pipeline:latest",
            "invoke_arn": "arn:aws:apigateway:eu-north-1:lambda:path/2015-03-31/functions/arn:aws:lambda:eu-north-1:133433735071:function:start_pipeline/invocations",
            "kms_key_arn": "",
            "last_modified": "2024-01-21T03:42:27.073+0000",
            "layers": null,
            "logging_config": [
              {
                "application_log_level": "",
                "log_format": "Text",
                "log_group": "/aws/lambda/start_pipeline",
                "system_log_level": ""
              }
            ],
            "memory_size": 128,
            "package_type": "Image",
            "publish": false,
            "qualified_arn": "arn:aws:lambda:eu-north-1:133433735071:function:start_pipeline:$LATEST",
            "qualified_invoke_arn": "arn:aws:apigateway:eu-north-1:lambda:path/2015-03-31/functions/arn:aws:lambda:eu-north-1:133433735071:function:start_pipeline:$LATEST/invocations",
            "replace_security_groups_on_destroy": null,
            "replacement_security_group_ids": null,
            "reserved_concurrent_executions": -1,
            "role": "arn:aws:iam::133433735071:role/start_pipeline_role",
            "runtime": "",
            "s3_bucket": null,
            "s3_key": null,
            "s3_object_version": null,
            "signing_job_arn": "",
            "signing_profile_version_arn": "",
            "skip_destroy": false,
            "snap_start": [],
            "source_code_hash": "b4752861237acf0af28d921ed54cb25c24dc180714d343e653beb9e4d77a23a9",
            "source_code_size": 0,
            "tags": null,
            "tags_all": {},
            "timeout": 30,
            "timeouts": null,
            "tracing_config": [
              {
                "mode": "PassThrough"
              }
            ],
            "version": "$LATEST",
            "vpc_config": []
          },
          "sensitive_attributes": [],
          "private": "eyJlMmJmYjczMC1lY2FhLTExZTYtOGY4OC0zNDM2M2JjN2M0YzAiOnsiY3JlYXRlIjo2MDAwMDAwMDAwMDAsImRlbGV0ZSI6NjAwMDAwMDAwMDAwLCJ1cGRhdGUiOjYwMDAwMDAwMDAwMH19",
          "dependencies": [
            "module.database.aws_db_instance.rds_instance",
            "module.database.data.aws_security_group.default",
            "module.functions.aws_lambda_function.create_problem",
            "module.functions.aws_lambda_function.get_prices",
            "module.functions.aws_lambda_function.log_request",
            "module.functions.aws_lambda_function.merge",
            "module.functions.aws_lambda_function.prsl",
            "module.functions.aws_lambda_function.prss",
            "module.functions.aws_lambda_function.purge",
            "module.functions.aws_lambda_function.solver",
            "module.functions.data.aws_ecr_repository.create_problem",
            "module.functions.data.aws_ecr_repository.get_prices",
            "module.functions.data.aws_ecr_repository.log_request",
            "module.functions.data.aws_ecr_repository.merge",
            "module.functions.data.aws_ecr_repository.prsl",
            "module.functions.data.aws_ecr_repository.prss",
            "module.functions.data.aws_ecr_repository.purge",
            "module.functions.data.aws_ecr_repository.solver",
            "module.network.aws_eip.visible_address",
            "module.network.aws_nat_gateway.nat_gateway",
            "module.network.aws_route_table.private",
            "module.network.aws_route_table_association.instance",
            "module.network.aws_security_group.connect_to_rds",
            "module.network.aws_security_group.lambda_to_rds",
            "module.network.aws_security_group.rds_to_lambda",
            "module.network.data.aws_internet_gateway.default",
            "module.network.data.aws_subnets.default",
            "module.network.data.aws_vpc.default",
            "module.penultimate.data.aws_ecr_repository.start_pipeline",
            "module.queue.aws_sqs_queue.wits_data_queue",
            "module.queue.aws_sqs_queue.wits_dead_queue",
            "module.queue.aws_sqs_queue_redrive_allow_policy.queue_redrive_allow_policy",
            "module.roles.aws_iam_policy.lambda_policy",
            "module.roles.aws_iam_policy.merge_policy",
            "module.roles.aws_iam_policy.start_pipeline_policy",
            "module.roles.aws_iam_policy.state_machine_policy",
            "module.roles.aws_iam_policy.wits_policy",
            "module.roles.aws_iam_role.lambda_execution_role",
            "module.roles.aws_iam_role.merge_execution_role",
            "module.roles.aws_iam_role.start_pipeline_role",
            "module.roles.aws_iam_role.state_machine_execution_role",
            "module.roles.aws_iam_role.wits_execution_role",
            "module.roles.aws_iam_role_policy_attachment.attach_lambda_policy",
            "module.roles.aws_iam_role_policy_attachment.attach_merge_policy",
            "module.roles.aws_iam_role_policy_attachment.attach_start_pipeline_policy",
            "module.roles.aws_iam_role_policy_attachment.attach_state_machine_policy",
            "module.roles.aws_iam_role_policy_attachment.attach_wits_policy",
            "module.roles.data.aws_iam_policy_document.lambda_assume_role",
            "module.roles.data.aws_iam_policy_document.lambda_permissions",
            "module.roles.data.aws_iam_policy_document.merge_permissions",
            "module.roles.data.aws_iam_policy_document.start_pipeline_permissions",
            "module.roles.data.aws_iam_policy_document.state_machine_permissions",
            "module.roles.data.aws_iam_policy_document.step_func_assume_role",
            "module.roles.data.aws_iam_policy_document.wits_permissions",
            "module.state_machine.aws_sfn_state_machine.problems_pipeline_state_machine",
            "module.state_machine.data.aws_cloudwatch_log_group.problems_pipeline_state_machine"
          ]
        }
      ]
    },
    {
      "module": "module.penultimate",
      "mode": "managed",
      "type": "aws_sqs_queue_policy",
      "name": "functions_send_message_policy",
      "provider": "provider[\"registry.terraform.io/hashicorp/aws\"]",
      "instances": [
        {
          "schema_version": 1,
          "attributes": {
            "id": "https://sqs.eu-north-1.amazonaws.com/133433735071/wits_data_queue",
            "policy": "{\"Id\":\"sqspolicy\",\"Statement\":[{\"Action\":\"sqs:SendMessage\",\"Condition\":{\"ArnEquals\":{\"aws:SourceArn\":[\"arn:aws:lambda:eu-north-1:133433735071:function:prss\",\"arn:aws:lambda:eu-north-1:133433735071:function:prsl\"]}},\"Effect\":\"Allow\",\"Principal\":\"*\",\"Resource\":\"arn:aws:sqs:eu-north-1:133433735071:wits_data_queue\"}],\"Version\":\"2012-10-17\"}",
            "queue_url": "https://sqs.eu-north-1.amazonaws.com/133433735071/wits_data_queue"
          },
          "sensitive_attributes": [],
          "private": "eyJzY2hlbWFfdmVyc2lvbiI6IjEifQ==",
          "dependencies": [
            "module.database.aws_db_instance.rds_instance",
            "module.database.data.aws_security_group.default",
            "module.functions.aws_lambda_function.create_problem",
            "module.functions.aws_lambda_function.get_prices",
            "module.functions.aws_lambda_function.log_request",
            "module.functions.aws_lambda_function.merge",
            "module.functions.aws_lambda_function.prsl",
            "module.functions.aws_lambda_function.prss",
            "module.functions.aws_lambda_function.purge",
            "module.functions.aws_lambda_function.solver",
            "module.functions.data.aws_ecr_repository.create_problem",
            "module.functions.data.aws_ecr_repository.get_prices",
            "module.functions.data.aws_ecr_repository.log_request",
            "module.functions.data.aws_ecr_repository.merge",
            "module.functions.data.aws_ecr_repository.prsl",
            "module.functions.data.aws_ecr_repository.prss",
            "module.functions.data.aws_ecr_repository.purge",
            "module.functions.data.aws_ecr_repository.solver",
            "module.network.aws_eip.visible_address",
            "module.network.aws_nat_gateway.nat_gateway",
            "module.network.aws_route_table.private",
            "module.network.aws_route_table_association.instance",
            "module.network.aws_security_group.connect_to_rds",
            "module.network.aws_security_group.lambda_to_rds",
            "module.network.aws_security_group.rds_to_lambda",
            "module.network.data.aws_internet_gateway.default",
            "module.network.data.aws_subnets.default",
            "module.network.data.aws_vpc.default",
            "module.queue.aws_sqs_queue.wits_data_queue",
            "module.queue.aws_sqs_queue.wits_dead_queue",
            "module.queue.aws_sqs_queue_redrive_allow_policy.queue_redrive_allow_policy",
            "module.roles.aws_iam_policy.lambda_policy",
            "module.roles.aws_iam_policy.merge_policy",
            "module.roles.aws_iam_policy.start_pipeline_policy",
            "module.roles.aws_iam_policy.state_machine_policy",
            "module.roles.aws_iam_policy.wits_policy",
            "module.roles.aws_iam_role.lambda_execution_role",
            "module.roles.aws_iam_role.merge_execution_role",
            "module.roles.aws_iam_role.start_pipeline_role",
            "module.roles.aws_iam_role.state_machine_execution_role",
            "module.roles.aws_iam_role.wits_execution_role",
            "module.roles.aws_iam_role_policy_attachment.attach_lambda_policy",
            "module.roles.aws_iam_role_policy_attachment.attach_merge_policy",
            "module.roles.aws_iam_role_policy_attachment.attach_start_pipeline_policy",
            "module.roles.aws_iam_role_policy_attachment.attach_state_machine_policy",
            "module.roles.aws_iam_role_policy_attachment.attach_wits_policy",
            "module.roles.data.aws_iam_policy_document.lambda_assume_role",
            "module.roles.data.aws_iam_policy_document.lambda_permissions",
            "module.roles.data.aws_iam_policy_document.merge_permissions",
            "module.roles.data.aws_iam_policy_document.start_pipeline_permissions",
            "module.roles.data.aws_iam_policy_document.state_machine_permissions",
            "module.roles.data.aws_iam_policy_document.step_func_assume_role",
            "module.roles.data.aws_iam_policy_document.wits_permissions",
            "module.state_machine.aws_sfn_state_machine.problems_pipeline_state_machine",
            "module.state_machine.data.aws_cloudwatch_log_group.problems_pipeline_state_machine"
          ]
        }
      ]
    },
    {
      "module": "module.queue",
      "mode": "managed",
      "type": "aws_sqs_queue",
      "name": "wits_data_queue",
      "provider": "provider[\"registry.terraform.io/hashicorp/aws\"]",
      "instances": [
        {
          "schema_version": 0,
          "attributes": {
            "arn": "arn:aws:sqs:eu-north-1:133433735071:wits_data_queue",
            "content_based_deduplication": false,
            "deduplication_scope": "",
            "delay_seconds": 0,
            "fifo_queue": false,
            "fifo_throughput_limit": "",
            "id": "https://sqs.eu-north-1.amazonaws.com/133433735071/wits_data_queue",
            "kms_data_key_reuse_period_seconds": 300,
            "kms_master_key_id": "",
            "max_message_size": 262144,
            "message_retention_seconds": 1800,
            "name": "wits_data_queue",
            "name_prefix": "",
            "policy": "{\"Id\":\"sqspolicy\",\"Statement\":[{\"Action\":\"sqs:SendMessage\",\"Condition\":{\"ArnEquals\":{\"aws:SourceArn\":[\"arn:aws:lambda:eu-north-1:133433735071:function:prss\",\"arn:aws:lambda:eu-north-1:133433735071:function:prsl\"]}},\"Effect\":\"Allow\",\"Principal\":\"*\",\"Resource\":\"arn:aws:sqs:eu-north-1:133433735071:wits_data_queue\"}],\"Version\":\"2012-10-17\"}",
            "receive_wait_time_seconds": 0,
            "redrive_allow_policy": "",
            "redrive_policy": "{\"deadLetterTargetArn\":\"arn:aws:sqs:eu-north-1:133433735071:wits_dead_queue\",\"maxReceiveCount\":4}",
            "sqs_managed_sse_enabled": true,
            "tags": {},
            "tags_all": {},
            "url": "https://sqs.eu-north-1.amazonaws.com/133433735071/wits_data_queue",
            "visibility_timeout_seconds": 60
          },
          "sensitive_attributes": [],
          "private": "bnVsbA==",
          "dependencies": [
            "module.queue.aws_sqs_queue.wits_dead_queue"
          ]
        }
      ]
    },
    {
      "module": "module.queue",
      "mode": "managed",
      "type": "aws_sqs_queue",
      "name": "wits_dead_queue",
      "provider": "provider[\"registry.terraform.io/hashicorp/aws\"]",
      "instances": [
        {
          "schema_version": 0,
          "attributes": {
            "arn": "arn:aws:sqs:eu-north-1:133433735071:wits_dead_queue",
            "content_based_deduplication": false,
            "deduplication_scope": "",
            "delay_seconds": 0,
            "fifo_queue": false,
            "fifo_throughput_limit": "",
            "id": "https://sqs.eu-north-1.amazonaws.com/133433735071/wits_dead_queue",
            "kms_data_key_reuse_period_seconds": 300,
            "kms_master_key_id": "",
            "max_message_size": 262144,
            "message_retention_seconds": 345600,
            "name": "wits_dead_queue",
            "name_prefix": "",
            "policy": "",
            "receive_wait_time_seconds": 0,
            "redrive_allow_policy": "{\"redrivePermission\":\"byQueue\",\"sourceQueueArns\":[\"arn:aws:sqs:eu-north-1:133433735071:wits_data_queue\"]}",
            "redrive_policy": "",
            "sqs_managed_sse_enabled": true,
            "tags": {},
            "tags_all": {},
            "url": "https://sqs.eu-north-1.amazonaws.com/133433735071/wits_dead_queue",
            "visibility_timeout_seconds": 30
          },
          "sensitive_attributes": [],
          "private": "bnVsbA=="
        }
      ]
    },
    {
      "module": "module.queue",
      "mode": "managed",
      "type": "aws_sqs_queue_redrive_allow_policy",
      "name": "queue_redrive_allow_policy",
      "provider": "provider[\"registry.terraform.io/hashicorp/aws\"]",
      "instances": [
        {
          "schema_version": 0,
          "attributes": {
            "id": "https://sqs.eu-north-1.amazonaws.com/133433735071/wits_dead_queue",
            "queue_url": "https://sqs.eu-north-1.amazonaws.com/133433735071/wits_dead_queue",
            "redrive_allow_policy": "{\"redrivePermission\":\"byQueue\",\"sourceQueueArns\":[\"arn:aws:sqs:eu-north-1:133433735071:wits_data_queue\"]}"
          },
          "sensitive_attributes": [],
          "private": "bnVsbA==",
          "dependencies": [
            "module.queue.aws_sqs_queue.wits_data_queue",
            "module.queue.aws_sqs_queue.wits_dead_queue"
          ]
        }
      ]
    },
    {
      "module": "module.roles",
      "mode": "data",
      "type": "aws_iam_policy_document",
      "name": "lambda_assume_role",
      "provider": "provider[\"registry.terraform.io/hashicorp/aws\"]",
      "instances": [
        {
          "schema_version": 0,
          "attributes": {
            "id": "2690255455",
            "json": "{\n  \"Version\": \"2012-10-17\",\n  \"Statement\": [\n    {\n      \"Effect\": \"Allow\",\n      \"Action\": \"sts:AssumeRole\",\n      \"Principal\": {\n        \"Service\": \"lambda.amazonaws.com\"\n      }\n    }\n  ]\n}",
            "override_policy_documents": null,
            "policy_id": null,
            "source_policy_documents": null,
            "statement": [
              {
                "actions": [
                  "sts:AssumeRole"
                ],
                "condition": [],
                "effect": "Allow",
                "not_actions": [],
                "not_principals": [],
                "not_resources": [],
                "principals": [
                  {
                    "identifiers": [
                      "lambda.amazonaws.com"
                    ],
                    "type": "Service"
                  }
                ],
                "resources": [],
                "sid": ""
              }
            ],
            "version": "2012-10-17"
          },
          "sensitive_attributes": []
        }
      ]
    },
    {
      "module": "module.roles",
      "mode": "data",
      "type": "aws_iam_policy_document",
      "name": "lambda_permissions",
      "provider": "provider[\"registry.terraform.io/hashicorp/aws\"]",
      "instances": [
        {
          "schema_version": 0,
          "attributes": {
            "id": "1465097145",
            "json": "{\n  \"Version\": \"2012-10-17\",\n  \"Statement\": [\n    {\n      \"Effect\": \"Allow\",\n      \"Action\": [\n        \"logs:PutLogEvents\",\n        \"logs:CreateLogStream\",\n        \"logs:CreateLogGroup\",\n        \"ecr:GetDownloadUrlForLayer\",\n        \"ecr:BatchGetImage\",\n        \"ec2:UnassignPrivateIpAddresses\",\n        \"ec2:DescribeVpcs\",\n        \"ec2:DescribeSubnets\",\n        \"ec2:DescribeSecurityGroups\",\n        \"ec2:DescribeNetworkInterfaces\",\n        \"ec2:DeleteNetworkInterface\",\n        \"ec2:CreateNetworkInterface\",\n        \"ec2:AssignPrivateIpAddresses\"\n      ],\n      \"Resource\": \"*\"\n    }\n  ]\n}",
            "override_policy_documents": null,
            "policy_id": null,
            "source_policy_documents": null,
            "statement": [
              {
                "actions": [
                  "ec2:AssignPrivateIpAddresses",
                  "ec2:CreateNetworkInterface",
                  "ec2:DeleteNetworkInterface",
                  "ec2:DescribeNetworkInterfaces",
                  "ec2:DescribeSecurityGroups",
                  "ec2:DescribeSubnets",
                  "ec2:DescribeVpcs",
                  "ec2:UnassignPrivateIpAddresses",
                  "ecr:BatchGetImage",
                  "ecr:GetDownloadUrlForLayer",
                  "logs:CreateLogGroup",
                  "logs:CreateLogStream",
                  "logs:PutLogEvents"
                ],
                "condition": [],
                "effect": "Allow",
                "not_actions": [],
                "not_principals": [],
                "not_resources": [],
                "principals": [],
                "resources": [
                  "*"
                ],
                "sid": ""
              }
            ],
            "version": "2012-10-17"
          },
          "sensitive_attributes": []
        }
      ]
    },
    {
      "module": "module.roles",
      "mode": "data",
      "type": "aws_iam_policy_document",
      "name": "merge_permissions",
      "provider": "provider[\"registry.terraform.io/hashicorp/aws\"]",
      "instances": [
        {
          "schema_version": 0,
          "attributes": {
            "id": "4244197765",
            "json": "{\n  \"Version\": \"2012-10-17\",\n  \"Statement\": [\n    {\n      \"Effect\": \"Allow\",\n      \"Action\": [\n        \"sqs:ReceiveMessage\",\n        \"sqs:GetQueueAttributes\",\n        \"sqs:DeleteMessage\",\n        \"logs:PutLogEvents\",\n        \"logs:CreateLogStream\",\n        \"logs:CreateLogGroup\",\n        \"ecr:GetDownloadUrlForLayer\",\n        \"ecr:BatchGetImage\",\n        \"ec2:UnassignPrivateIpAddresses\",\n        \"ec2:DescribeVpcs\",\n        \"ec2:DescribeSubnets\",\n        \"ec2:DescribeSecurityGroups\",\n        \"ec2:DescribeNetworkInterfaces\",\n        \"ec2:DeleteNetworkInterface\",\n        \"ec2:CreateNetworkInterface\",\n        \"ec2:AssignPrivateIpAddresses\"\n      ],\n      \"Resource\": \"*\"\n    }\n  ]\n}",
            "override_policy_documents": null,
            "policy_id": null,
            "source_policy_documents": null,
            "statement": [
              {
                "actions": [
                  "ec2:AssignPrivateIpAddresses",
                  "ec2:CreateNetworkInterface",
                  "ec2:DeleteNetworkInterface",
                  "ec2:DescribeNetworkInterfaces",
                  "ec2:DescribeSecurityGroups",
                  "ec2:DescribeSubnets",
                  "ec2:DescribeVpcs",
                  "ec2:UnassignPrivateIpAddresses",
                  "ecr:BatchGetImage",
                  "ecr:GetDownloadUrlForLayer",
                  "logs:CreateLogGroup",
                  "logs:CreateLogStream",
                  "logs:PutLogEvents",
                  "sqs:DeleteMessage",
                  "sqs:GetQueueAttributes",
                  "sqs:ReceiveMessage"
                ],
                "condition": [],
                "effect": "Allow",
                "not_actions": [],
                "not_principals": [],
                "not_resources": [],
                "principals": [],
                "resources": [
                  "*"
                ],
                "sid": ""
              }
            ],
            "version": "2012-10-17"
          },
          "sensitive_attributes": []
        }
      ]
    },
    {
      "module": "module.roles",
      "mode": "data",
      "type": "aws_iam_policy_document",
      "name": "start_pipeline_permissions",
      "provider": "provider[\"registry.terraform.io/hashicorp/aws\"]",
      "instances": [
        {
          "schema_version": 0,
          "attributes": {
            "id": "4083474092",
            "json": "{\n  \"Version\": \"2012-10-17\",\n  \"Statement\": [\n    {\n      \"Effect\": \"Allow\",\n      \"Action\": [\n        \"states:StartExecution\",\n        \"logs:PutLogEvents\",\n        \"logs:CreateLogStream\",\n        \"logs:CreateLogGroup\",\n        \"ecr:GetDownloadUrlForLayer\",\n        \"ecr:BatchGetImage\",\n        \"ec2:UnassignPrivateIpAddresses\",\n        \"ec2:DescribeVpcs\",\n        \"ec2:DescribeSubnets\",\n        \"ec2:DescribeSecurityGroups\",\n        \"ec2:DescribeNetworkInterfaces\",\n        \"ec2:DeleteNetworkInterface\",\n        \"ec2:CreateNetworkInterface\",\n        \"ec2:AssignPrivateIpAddresses\"\n      ],\n      \"Resource\": \"*\"\n    }\n  ]\n}",
            "override_policy_documents": null,
            "policy_id": null,
            "source_policy_documents": null,
            "statement": [
              {
                "actions": [
                  "ec2:AssignPrivateIpAddresses",
                  "ec2:CreateNetworkInterface",
                  "ec2:DeleteNetworkInterface",
                  "ec2:DescribeNetworkInterfaces",
                  "ec2:DescribeSecurityGroups",
                  "ec2:DescribeSubnets",
                  "ec2:DescribeVpcs",
                  "ec2:UnassignPrivateIpAddresses",
                  "ecr:BatchGetImage",
                  "ecr:GetDownloadUrlForLayer",
                  "logs:CreateLogGroup",
                  "logs:CreateLogStream",
                  "logs:PutLogEvents",
                  "states:StartExecution"
                ],
                "condition": [],
                "effect": "Allow",
                "not_actions": [],
                "not_principals": [],
                "not_resources": [],
                "principals": [],
                "resources": [
                  "*"
                ],
                "sid": ""
              }
            ],
            "version": "2012-10-17"
          },
          "sensitive_attributes": []
        }
      ]
    },
    {
      "module": "module.roles",
      "mode": "data",
      "type": "aws_iam_policy_document",
      "name": "state_machine_permissions",
      "provider": "provider[\"registry.terraform.io/hashicorp/aws\"]",
      "instances": [
        {
          "schema_version": 0,
          "attributes": {
            "id": "892454808",
            "json": "{\n  \"Version\": \"2012-10-17\",\n  \"Statement\": [\n    {\n      \"Effect\": \"Allow\",\n      \"Action\": [\n        \"logs:UpdateLogDelivery\",\n        \"logs:PutResourcePolicy\",\n        \"logs:PutLogEvents\",\n        \"logs:ListLogDeliveries\",\n        \"logs:GetLogDelivery\",\n        \"logs:DescribeResourcePolicies\",\n        \"logs:DescribeLogGroups\",\n        \"logs:DeleteLogDelivery\",\n        \"logs:CreateLogStream\",\n        \"logs:CreateLogGroup\",\n        \"logs:CreateLogDelivery\",\n        \"lambda:InvokeFunction\",\n        \"ec2:UnassignPrivateIpAddresses\",\n        \"ec2:DescribeVpcs\",\n        \"ec2:DescribeSubnets\",\n        \"ec2:DescribeSecurityGroups\",\n        \"ec2:DescribeNetworkInterfaces\",\n        \"ec2:DeleteNetworkInterface\",\n        \"ec2:CreateNetworkInterface\",\n        \"ec2:AssignPrivateIpAddresses\"\n      ],\n      \"Resource\": \"*\"\n    }\n  ]\n}",
            "override_policy_documents": null,
            "policy_id": null,
            "source_policy_documents": null,
            "statement": [
              {
                "actions": [
                  "ec2:AssignPrivateIpAddresses",
                  "ec2:CreateNetworkInterface",
                  "ec2:DeleteNetworkInterface",
                  "ec2:DescribeNetworkInterfaces",
                  "ec2:DescribeSecurityGroups",
                  "ec2:DescribeSubnets",
                  "ec2:DescribeVpcs",
                  "ec2:UnassignPrivateIpAddresses",
                  "lambda:InvokeFunction",
                  "logs:CreateLogDelivery",
                  "logs:CreateLogGroup",
                  "logs:CreateLogStream",
                  "logs:DeleteLogDelivery",
                  "logs:DescribeLogGroups",
                  "logs:DescribeResourcePolicies",
                  "logs:GetLogDelivery",
                  "logs:ListLogDeliveries",
                  "logs:PutLogEvents",
                  "logs:PutResourcePolicy",
                  "logs:UpdateLogDelivery"
                ],
                "condition": [],
                "effect": "Allow",
                "not_actions": [],
                "not_principals": [],
                "not_resources": [],
                "principals": [],
                "resources": [
                  "*"
                ],
                "sid": ""
              }
            ],
            "version": "2012-10-17"
          },
          "sensitive_attributes": []
        }
      ]
    },
    {
      "module": "module.roles",
      "mode": "data",
      "type": "aws_iam_policy_document",
      "name": "step_func_assume_role",
      "provider": "provider[\"registry.terraform.io/hashicorp/aws\"]",
      "instances": [
        {
          "schema_version": 0,
          "attributes": {
            "id": "4022981484",
            "json": "{\n  \"Version\": \"2012-10-17\",\n  \"Statement\": [\n    {\n      \"Effect\": \"Allow\",\n      \"Action\": \"sts:AssumeRole\",\n      \"Principal\": {\n        \"Service\": \"states.amazonaws.com\"\n      }\n    }\n  ]\n}",
            "override_policy_documents": null,
            "policy_id": null,
            "source_policy_documents": null,
            "statement": [
              {
                "actions": [
                  "sts:AssumeRole"
                ],
                "condition": [],
                "effect": "Allow",
                "not_actions": [],
                "not_principals": [],
                "not_resources": [],
                "principals": [
                  {
                    "identifiers": [
                      "states.amazonaws.com"
                    ],
                    "type": "Service"
                  }
                ],
                "resources": [],
                "sid": ""
              }
            ],
            "version": "2012-10-17"
          },
          "sensitive_attributes": []
        }
      ]
    },
    {
      "module": "module.roles",
      "mode": "data",
      "type": "aws_iam_policy_document",
      "name": "wits_permissions",
      "provider": "provider[\"registry.terraform.io/hashicorp/aws\"]",
      "instances": [
        {
          "schema_version": 0,
          "attributes": {
            "id": "3332801985",
            "json": "{\n  \"Version\": \"2012-10-17\",\n  \"Statement\": [\n    {\n      \"Effect\": \"Allow\",\n      \"Action\": [\n        \"sqs:SendMessage\",\n        \"logs:PutLogEvents\",\n        \"logs:CreateLogStream\",\n        \"logs:CreateLogGroup\",\n        \"ecr:GetDownloadUrlForLayer\",\n        \"ecr:BatchGetImage\"\n      ],\n      \"Resource\": \"*\"\n    }\n  ]\n}",
            "override_policy_documents": null,
            "policy_id": null,
            "source_policy_documents": null,
            "statement": [
              {
                "actions": [
                  "ecr:BatchGetImage",
                  "ecr:GetDownloadUrlForLayer",
                  "logs:CreateLogGroup",
                  "logs:CreateLogStream",
                  "logs:PutLogEvents",
                  "sqs:SendMessage"
                ],
                "condition": [],
                "effect": "Allow",
                "not_actions": [],
                "not_principals": [],
                "not_resources": [],
                "principals": [],
                "resources": [
                  "*"
                ],
                "sid": ""
              }
            ],
            "version": "2012-10-17"
          },
          "sensitive_attributes": []
        }
      ]
    },
    {
      "module": "module.roles",
      "mode": "managed",
      "type": "aws_iam_policy",
      "name": "lambda_policy",
      "provider": "provider[\"registry.terraform.io/hashicorp/aws\"]",
      "instances": [
        {
          "schema_version": 0,
          "attributes": {
            "arn": "arn:aws:iam::133433735071:policy/lambda_policy",
            "description": "Policy for function to interact with the database on RDS \u0026 solver model",
            "id": "arn:aws:iam::133433735071:policy/lambda_policy",
            "name": "lambda_policy",
            "name_prefix": "",
            "path": "/",
            "policy": "{\"Statement\":[{\"Action\":[\"logs:PutLogEvents\",\"logs:CreateLogStream\",\"logs:CreateLogGroup\",\"ecr:GetDownloadUrlForLayer\",\"ecr:BatchGetImage\",\"ec2:UnassignPrivateIpAddresses\",\"ec2:DescribeVpcs\",\"ec2:DescribeSubnets\",\"ec2:DescribeSecurityGroups\",\"ec2:DescribeNetworkInterfaces\",\"ec2:DeleteNetworkInterface\",\"ec2:CreateNetworkInterface\",\"ec2:AssignPrivateIpAddresses\"],\"Effect\":\"Allow\",\"Resource\":\"*\"}],\"Version\":\"2012-10-17\"}",
            "policy_id": "ANPAR6EKFG6PVEZODCDGV",
            "tags": {},
            "tags_all": {}
          },
          "sensitive_attributes": [],
          "private": "bnVsbA==",
          "dependencies": [
            "module.roles.data.aws_iam_policy_document.lambda_permissions"
          ]
        }
      ]
    },
    {
      "module": "module.roles",
      "mode": "managed",
      "type": "aws_iam_policy",
      "name": "merge_policy",
      "provider": "provider[\"registry.terraform.io/hashicorp/aws\"]",
      "instances": [
        {
          "schema_version": 0,
          "attributes": {
            "arn": "arn:aws:iam::133433735071:policy/merge_policy",
            "description": "Policy for Merge function to upsert electricity price forecasts into the database on RDS",
            "id": "arn:aws:iam::133433735071:policy/merge_policy",
            "name": "merge_policy",
            "name_prefix": "",
            "path": "/",
            "policy": "{\"Statement\":[{\"Action\":[\"sqs:ReceiveMessage\",\"sqs:GetQueueAttributes\",\"sqs:DeleteMessage\",\"logs:PutLogEvents\",\"logs:CreateLogStream\",\"logs:CreateLogGroup\",\"ecr:GetDownloadUrlForLayer\",\"ecr:BatchGetImage\",\"ec2:UnassignPrivateIpAddresses\",\"ec2:DescribeVpcs\",\"ec2:DescribeSubnets\",\"ec2:DescribeSecurityGroups\",\"ec2:DescribeNetworkInterfaces\",\"ec2:DeleteNetworkInterface\",\"ec2:CreateNetworkInterface\",\"ec2:AssignPrivateIpAddresses\"],\"Effect\":\"Allow\",\"Resource\":\"*\"}],\"Version\":\"2012-10-17\"}",
            "policy_id": "ANPAR6EKFG6PQSMCHJP4F",
            "tags": {},
            "tags_all": {}
          },
          "sensitive_attributes": [],
          "private": "bnVsbA==",
          "dependencies": [
            "module.roles.data.aws_iam_policy_document.merge_permissions"
          ]
        }
      ]
    },
    {
      "module": "module.roles",
      "mode": "managed",
      "type": "aws_iam_policy",
      "name": "start_pipeline_policy",
      "provider": "provider[\"registry.terraform.io/hashicorp/aws\"]",
      "instances": [
        {
          "schema_version": 0,
          "attributes": {
            "arn": "arn:aws:iam::133433735071:policy/start_pipeline_policy",
            "description": "Policy for start_pipeline function to trigger the state machine",
            "id": "arn:aws:iam::133433735071:policy/start_pipeline_policy",
            "name": "start_pipeline_policy",
            "name_prefix": "",
            "path": "/",
            "policy": "{\"Statement\":[{\"Action\":[\"states:StartExecution\",\"logs:PutLogEvents\",\"logs:CreateLogStream\",\"logs:CreateLogGroup\",\"ecr:GetDownloadUrlForLayer\",\"ecr:BatchGetImage\",\"ec2:UnassignPrivateIpAddresses\",\"ec2:DescribeVpcs\",\"ec2:DescribeSubnets\",\"ec2:DescribeSecurityGroups\",\"ec2:DescribeNetworkInterfaces\",\"ec2:DeleteNetworkInterface\",\"ec2:CreateNetworkInterface\",\"ec2:AssignPrivateIpAddresses\"],\"Effect\":\"Allow\",\"Resource\":\"*\"}],\"Version\":\"2012-10-17\"}",
            "policy_id": "ANPAR6EKFG6P4WU7KXSTT",
            "tags": {},
            "tags_all": {}
          },
          "sensitive_attributes": [],
          "private": "bnVsbA==",
          "dependencies": [
            "module.roles.data.aws_iam_policy_document.start_pipeline_permissions"
          ]
        }
      ]
    },
    {
      "module": "module.roles",
      "mode": "managed",
      "type": "aws_iam_policy",
      "name": "state_machine_policy",
      "provider": "provider[\"registry.terraform.io/hashicorp/aws\"]",
      "instances": [
        {
          "schema_version": 0,
          "attributes": {
            "arn": "arn:aws:iam::133433735071:policy/state_machine_policy",
            "description": "Policy for the state machine to invoke the lambda functions of the problems pipeline",
            "id": "arn:aws:iam::133433735071:policy/state_machine_policy",
            "name": "state_machine_policy",
            "name_prefix": "",
            "path": "/",
            "policy": "{\"Statement\":[{\"Action\":[\"logs:UpdateLogDelivery\",\"logs:PutResourcePolicy\",\"logs:PutLogEvents\",\"logs:ListLogDeliveries\",\"logs:GetLogDelivery\",\"logs:DescribeResourcePolicies\",\"logs:DescribeLogGroups\",\"logs:DeleteLogDelivery\",\"logs:CreateLogStream\",\"logs:CreateLogGroup\",\"logs:CreateLogDelivery\",\"lambda:InvokeFunction\",\"ec2:UnassignPrivateIpAddresses\",\"ec2:DescribeVpcs\",\"ec2:DescribeSubnets\",\"ec2:DescribeSecurityGroups\",\"ec2:DescribeNetworkInterfaces\",\"ec2:DeleteNetworkInterface\",\"ec2:CreateNetworkInterface\",\"ec2:AssignPrivateIpAddresses\"],\"Effect\":\"Allow\",\"Resource\":\"*\"}],\"Version\":\"2012-10-17\"}",
            "policy_id": "ANPAR6EKFG6PR3QE7XUF4",
            "tags": {},
            "tags_all": {}
          },
          "sensitive_attributes": [],
          "private": "bnVsbA==",
          "dependencies": [
            "module.roles.data.aws_iam_policy_document.state_machine_permissions"
          ]
        }
      ]
    },
    {
      "module": "module.roles",
      "mode": "managed",
      "type": "aws_iam_policy",
      "name": "wits_policy",
      "provider": "provider[\"registry.terraform.io/hashicorp/aws\"]",
      "instances": [
        {
          "schema_version": 0,
          "attributes": {
            "arn": "arn:aws:iam::133433735071:policy/wits_policy",
            "description": "Policy for PRSS \u0026 PRSL functions to call the WITS API for electricity price forecasts",
            "id": "arn:aws:iam::133433735071:policy/wits_policy",
            "name": "wits_policy",
            "name_prefix": "",
            "path": "/",
            "policy": "{\"Statement\":[{\"Action\":[\"sqs:SendMessage\",\"logs:PutLogEvents\",\"logs:CreateLogStream\",\"logs:CreateLogGroup\",\"ecr:GetDownloadUrlForLayer\",\"ecr:BatchGetImage\"],\"Effect\":\"Allow\",\"Resource\":\"*\"}],\"Version\":\"2012-10-17\"}",
            "policy_id": "ANPAR6EKFG6PZG4UQRNLI",
            "tags": {},
            "tags_all": {}
          },
          "sensitive_attributes": [],
          "private": "bnVsbA==",
          "dependencies": [
            "module.roles.data.aws_iam_policy_document.wits_permissions"
          ]
        }
      ]
    },
    {
      "module": "module.roles",
      "mode": "managed",
      "type": "aws_iam_role",
      "name": "lambda_execution_role",
      "provider": "provider[\"registry.terraform.io/hashicorp/aws\"]",
      "instances": [
        {
          "schema_version": 0,
          "attributes": {
            "arn": "arn:aws:iam::133433735071:role/lambda_execution_role",
            "assume_role_policy": "{\"Statement\":[{\"Action\":\"sts:AssumeRole\",\"Effect\":\"Allow\",\"Principal\":{\"Service\":\"lambda.amazonaws.com\"}}],\"Version\":\"2012-10-17\"}",
            "create_date": "2024-01-15T10:48:10Z",
            "description": "",
            "force_detach_policies": false,
            "id": "lambda_execution_role",
            "inline_policy": [],
            "managed_policy_arns": [
              "arn:aws:iam::133433735071:policy/lambda_policy"
            ],
            "max_session_duration": 3600,
            "name": "lambda_execution_role",
            "name_prefix": "",
            "path": "/",
            "permissions_boundary": "",
            "tags": {},
            "tags_all": {},
            "unique_id": "AROAR6EKFG6P43P5USNBF"
          },
          "sensitive_attributes": [],
          "private": "bnVsbA==",
          "dependencies": [
            "module.roles.data.aws_iam_policy_document.lambda_assume_role"
          ]
        }
      ]
    },
    {
      "module": "module.roles",
      "mode": "managed",
      "type": "aws_iam_role",
      "name": "merge_execution_role",
      "provider": "provider[\"registry.terraform.io/hashicorp/aws\"]",
      "instances": [
        {
          "schema_version": 0,
          "attributes": {
            "arn": "arn:aws:iam::133433735071:role/merge_execution_role",
            "assume_role_policy": "{\"Statement\":[{\"Action\":\"sts:AssumeRole\",\"Effect\":\"Allow\",\"Principal\":{\"Service\":\"lambda.amazonaws.com\"}}],\"Version\":\"2012-10-17\"}",
            "create_date": "2024-01-15T10:48:10Z",
            "description": "",
            "force_detach_policies": false,
            "id": "merge_execution_role",
            "inline_policy": [],
            "managed_policy_arns": [
              "arn:aws:iam::133433735071:policy/merge_policy"
            ],
            "max_session_duration": 3600,
            "name": "merge_execution_role",
            "name_prefix": "",
            "path": "/",
            "permissions_boundary": "",
            "tags": {},
            "tags_all": {},
            "unique_id": "AROAR6EKFG6PXD7TBF3XO"
          },
          "sensitive_attributes": [],
          "private": "bnVsbA==",
          "dependencies": [
            "module.roles.data.aws_iam_policy_document.lambda_assume_role"
          ]
        }
      ]
    },
    {
      "module": "module.roles",
      "mode": "managed",
      "type": "aws_iam_role",
      "name": "start_pipeline_role",
      "provider": "provider[\"registry.terraform.io/hashicorp/aws\"]",
      "instances": [
        {
          "schema_version": 0,
          "attributes": {
            "arn": "arn:aws:iam::133433735071:role/start_pipeline_role",
            "assume_role_policy": "{\"Statement\":[{\"Action\":\"sts:AssumeRole\",\"Effect\":\"Allow\",\"Principal\":{\"Service\":\"lambda.amazonaws.com\"}}],\"Version\":\"2012-10-17\"}",
            "create_date": "2024-01-21T03:35:40Z",
            "description": "",
            "force_detach_policies": false,
            "id": "start_pipeline_role",
            "inline_policy": [],
            "managed_policy_arns": [
              "arn:aws:iam::133433735071:policy/start_pipeline_policy"
            ],
            "max_session_duration": 3600,
            "name": "start_pipeline_role",
            "name_prefix": "",
            "path": "/",
            "permissions_boundary": "",
            "tags": {},
            "tags_all": {},
            "unique_id": "AROAR6EKFG6PTIP6RN6SM"
          },
          "sensitive_attributes": [],
          "private": "bnVsbA==",
          "dependencies": [
            "module.roles.data.aws_iam_policy_document.lambda_assume_role"
          ]
        }
      ]
    },
    {
      "module": "module.roles",
      "mode": "managed",
      "type": "aws_iam_role",
      "name": "state_machine_execution_role",
      "provider": "provider[\"registry.terraform.io/hashicorp/aws\"]",
      "instances": [
        {
          "schema_version": 0,
          "attributes": {
            "arn": "arn:aws:iam::133433735071:role/state_machine_execution_role",
            "assume_role_policy": "{\"Statement\":[{\"Action\":\"sts:AssumeRole\",\"Effect\":\"Allow\",\"Principal\":{\"Service\":\"states.amazonaws.com\"}}],\"Version\":\"2012-10-17\"}",
            "create_date": "2024-01-21T01:21:58Z",
            "description": "",
            "force_detach_policies": false,
            "id": "state_machine_execution_role",
            "inline_policy": [],
            "managed_policy_arns": [
              "arn:aws:iam::133433735071:policy/state_machine_policy"
            ],
            "max_session_duration": 3600,
            "name": "state_machine_execution_role",
            "name_prefix": "",
            "path": "/",
            "permissions_boundary": "",
            "tags": {},
            "tags_all": {},
            "unique_id": "AROAR6EKFG6P32NZTNBPI"
          },
          "sensitive_attributes": [],
          "private": "bnVsbA==",
          "dependencies": [
            "module.roles.data.aws_iam_policy_document.step_func_assume_role"
          ]
        }
      ]
    },
    {
      "module": "module.roles",
      "mode": "managed",
      "type": "aws_iam_role",
      "name": "wits_execution_role",
      "provider": "provider[\"registry.terraform.io/hashicorp/aws\"]",
      "instances": [
        {
          "schema_version": 0,
          "attributes": {
            "arn": "arn:aws:iam::133433735071:role/wits_execution_role",
            "assume_role_policy": "{\"Statement\":[{\"Action\":\"sts:AssumeRole\",\"Effect\":\"Allow\",\"Principal\":{\"Service\":\"lambda.amazonaws.com\"}}],\"Version\":\"2012-10-17\"}",
            "create_date": "2024-01-15T10:48:10Z",
            "description": "",
            "force_detach_policies": false,
            "id": "wits_execution_role",
            "inline_policy": [],
            "managed_policy_arns": [
              "arn:aws:iam::133433735071:policy/wits_policy"
            ],
            "max_session_duration": 3600,
            "name": "wits_execution_role",
            "name_prefix": "",
            "path": "/",
            "permissions_boundary": "",
            "tags": {},
            "tags_all": {},
            "unique_id": "AROAR6EKFG6PW5PJB5KEQ"
          },
          "sensitive_attributes": [],
          "private": "bnVsbA==",
          "dependencies": [
            "module.roles.data.aws_iam_policy_document.lambda_assume_role"
          ]
        }
      ]
    },
    {
      "module": "module.roles",
      "mode": "managed",
      "type": "aws_iam_role_policy_attachment",
      "name": "attach_lambda_policy",
      "provider": "provider[\"registry.terraform.io/hashicorp/aws\"]",
      "instances": [
        {
          "schema_version": 0,
          "attributes": {
            "id": "lambda_execution_role-20240121012203108900000006",
            "policy_arn": "arn:aws:iam::133433735071:policy/lambda_policy",
            "role": "lambda_execution_role"
          },
          "sensitive_attributes": [],
          "private": "bnVsbA==",
          "dependencies": [
            "module.roles.aws_iam_policy.lambda_policy",
            "module.roles.aws_iam_role.lambda_execution_role",
            "module.roles.data.aws_iam_policy_document.lambda_assume_role",
            "module.roles.data.aws_iam_policy_document.lambda_permissions"
          ]
        }
      ]
    },
    {
      "module": "module.roles",
      "mode": "managed",
      "type": "aws_iam_role_policy_attachment",
      "name": "attach_merge_policy",
      "provider": "provider[\"registry.terraform.io/hashicorp/aws\"]",
      "instances": [
        {
          "schema_version": 0,
          "attributes": {
            "id": "merge_execution_role-20240121012202811700000005",
            "policy_arn": "arn:aws:iam::133433735071:policy/merge_policy",
            "role": "merge_execution_role"
          },
          "sensitive_attributes": [],
          "private": "bnVsbA==",
          "dependencies": [
            "module.roles.aws_iam_policy.merge_policy",
            "module.roles.aws_iam_role.merge_execution_role",
            "module.roles.data.aws_iam_policy_document.lambda_assume_role",
            "module.roles.data.aws_iam_policy_document.merge_permissions"
          ]
        }
      ]
    },
    {
      "module": "module.roles",
      "mode": "managed",
      "type": "aws_iam_role_policy_attachment",
      "name": "attach_start_pipeline_policy",
      "provider": "provider[\"registry.terraform.io/hashicorp/aws\"]",
      "instances": [
        {
          "schema_version": 0,
          "attributes": {
            "id": "start_pipeline_role-20240121033543066400000001",
            "policy_arn": "arn:aws:iam::133433735071:policy/start_pipeline_policy",
            "role": "start_pipeline_role"
          },
          "sensitive_attributes": [],
          "private": "bnVsbA==",
          "dependencies": [
            "module.roles.aws_iam_policy.start_pipeline_policy",
            "module.roles.aws_iam_role.start_pipeline_role",
            "module.roles.data.aws_iam_policy_document.lambda_assume_role",
            "module.roles.data.aws_iam_policy_document.start_pipeline_permissions"
          ]
        }
      ]
    },
    {
      "module": "module.roles",
      "mode": "managed",
      "type": "aws_iam_role_policy_attachment",
      "name": "attach_state_machine_policy",
      "provider": "provider[\"registry.terraform.io/hashicorp/aws\"]",
      "instances": [
        {
          "schema_version": 0,
          "attributes": {
            "id": "state_machine_execution_role-20240121012202091800000003",
            "policy_arn": "arn:aws:iam::133433735071:policy/state_machine_policy",
            "role": "state_machine_execution_role"
          },
          "sensitive_attributes": [],
          "private": "bnVsbA==",
          "dependencies": [
            "module.roles.aws_iam_policy.state_machine_policy",
            "module.roles.aws_iam_role.state_machine_execution_role",
            "module.roles.data.aws_iam_policy_document.state_machine_permissions",
            "module.roles.data.aws_iam_policy_document.step_func_assume_role"
          ]
        }
      ]
    },
    {
      "module": "module.roles",
      "mode": "managed",
      "type": "aws_iam_role_policy_attachment",
      "name": "attach_wits_policy",
      "provider": "provider[\"registry.terraform.io/hashicorp/aws\"]",
      "instances": [
        {
          "schema_version": 0,
          "attributes": {
            "id": "wits_execution_role-20240121012202780800000004",
            "policy_arn": "arn:aws:iam::133433735071:policy/wits_policy",
            "role": "wits_execution_role"
          },
          "sensitive_attributes": [],
          "private": "bnVsbA==",
          "dependencies": [
            "module.roles.aws_iam_policy.wits_policy",
            "module.roles.aws_iam_role.wits_execution_role",
            "module.roles.data.aws_iam_policy_document.lambda_assume_role",
            "module.roles.data.aws_iam_policy_document.wits_permissions"
          ]
        }
      ]
    },
    {
      "module": "module.schedules",
      "mode": "data",
      "type": "aws_iam_policy_document",
      "name": "scheduler_assume_role",
      "provider": "provider[\"registry.terraform.io/hashicorp/aws\"]",
      "instances": [
        {
          "schema_version": 0,
          "attributes": {
            "id": "52247394",
            "json": "{\n  \"Version\": \"2012-10-17\",\n  \"Statement\": [\n    {\n      \"Effect\": \"Allow\",\n      \"Action\": \"sts:AssumeRole\",\n      \"Principal\": {\n        \"Service\": \"scheduler.amazonaws.com\"\n      }\n    }\n  ]\n}",
            "override_policy_documents": null,
            "policy_id": null,
            "source_policy_documents": null,
            "statement": [
              {
                "actions": [
                  "sts:AssumeRole"
                ],
                "condition": [],
                "effect": "Allow",
                "not_actions": [],
                "not_principals": [],
                "not_resources": [],
                "principals": [
                  {
                    "identifiers": [
                      "scheduler.amazonaws.com"
                    ],
                    "type": "Service"
                  }
                ],
                "resources": [],
                "sid": ""
              }
            ],
            "version": "2012-10-17"
          },
          "sensitive_attributes": []
        }
      ]
    },
    {
      "module": "module.schedules",
      "mode": "data",
      "type": "aws_iam_policy_document",
      "name": "scheduler_policy",
      "provider": "provider[\"registry.terraform.io/hashicorp/aws\"]",
      "instances": [
        {
          "schema_version": 0,
          "attributes": {
            "id": "2750682285",
            "json": "{\n  \"Version\": \"2012-10-17\",\n  \"Statement\": [\n    {\n      \"Effect\": \"Allow\",\n      \"Action\": \"lambda:InvokeFunction\",\n      \"Resource\": \"*\"\n    }\n  ]\n}",
            "override_policy_documents": null,
            "policy_id": null,
            "source_policy_documents": null,
            "statement": [
              {
                "actions": [
                  "lambda:InvokeFunction"
                ],
                "condition": [],
                "effect": "Allow",
                "not_actions": [],
                "not_principals": [],
                "not_resources": [],
                "principals": [],
                "resources": [
                  "*"
                ],
                "sid": ""
              }
            ],
            "version": "2012-10-17"
          },
          "sensitive_attributes": []
        }
      ]
    },
    {
      "module": "module.schedules",
      "mode": "managed",
      "type": "aws_iam_policy",
      "name": "scheduler_policy",
      "provider": "provider[\"registry.terraform.io/hashicorp/aws\"]",
      "instances": [
        {
          "schema_version": 0,
          "attributes": {
            "arn": "arn:aws:iam::133433735071:policy/scheduler_policy",
            "description": "Policy for EventBridge schedules to trigger invocation of PRSS, PRSL \u0026 Purge functions",
            "id": "arn:aws:iam::133433735071:policy/scheduler_policy",
            "name": "scheduler_policy",
            "name_prefix": "",
            "path": "/",
            "policy": "{\"Statement\":[{\"Action\":\"lambda:InvokeFunction\",\"Effect\":\"Allow\",\"Resource\":\"*\"}],\"Version\":\"2012-10-17\"}",
            "policy_id": "ANPAR6EKFG6PTWQHAE23S",
            "tags": {},
            "tags_all": {}
          },
          "sensitive_attributes": [],
          "private": "bnVsbA==",
          "dependencies": [
            "module.database.aws_db_instance.rds_instance",
            "module.database.data.aws_security_group.default",
            "module.functions.aws_lambda_function.create_problem",
            "module.functions.aws_lambda_function.get_prices",
            "module.functions.aws_lambda_function.log_request",
            "module.functions.aws_lambda_function.merge",
            "module.functions.aws_lambda_function.prsl",
            "module.functions.aws_lambda_function.prss",
            "module.functions.aws_lambda_function.purge",
            "module.functions.aws_lambda_function.solver",
            "module.functions.data.aws_ecr_repository.create_problem",
            "module.functions.data.aws_ecr_repository.get_prices",
            "module.functions.data.aws_ecr_repository.log_request",
            "module.functions.data.aws_ecr_repository.merge",
            "module.functions.data.aws_ecr_repository.prsl",
            "module.functions.data.aws_ecr_repository.prss",
            "module.functions.data.aws_ecr_repository.purge",
            "module.functions.data.aws_ecr_repository.solver",
            "module.network.aws_eip.visible_address",
            "module.network.aws_nat_gateway.nat_gateway",
            "module.network.aws_route_table.private",
            "module.network.aws_route_table_association.instance",
            "module.network.aws_security_group.connect_to_rds",
            "module.network.aws_security_group.lambda_to_rds",
            "module.network.aws_security_group.rds_to_lambda",
            "module.network.data.aws_internet_gateway.default",
            "module.network.data.aws_subnets.default",
            "module.network.data.aws_vpc.default",
            "module.queue.aws_sqs_queue.wits_data_queue",
            "module.queue.aws_sqs_queue.wits_dead_queue",
            "module.queue.aws_sqs_queue_redrive_allow_policy.queue_redrive_allow_policy",
            "module.roles.aws_iam_policy.lambda_policy",
            "module.roles.aws_iam_policy.merge_policy",
            "module.roles.aws_iam_policy.start_pipeline_policy",
            "module.roles.aws_iam_policy.state_machine_policy",
            "module.roles.aws_iam_policy.wits_policy",
            "module.roles.aws_iam_role.lambda_execution_role",
            "module.roles.aws_iam_role.merge_execution_role",
            "module.roles.aws_iam_role.start_pipeline_role",
            "module.roles.aws_iam_role.state_machine_execution_role",
            "module.roles.aws_iam_role.wits_execution_role",
            "module.roles.aws_iam_role_policy_attachment.attach_lambda_policy",
            "module.roles.aws_iam_role_policy_attachment.attach_merge_policy",
            "module.roles.aws_iam_role_policy_attachment.attach_start_pipeline_policy",
            "module.roles.aws_iam_role_policy_attachment.attach_state_machine_policy",
            "module.roles.aws_iam_role_policy_attachment.attach_wits_policy",
            "module.roles.data.aws_iam_policy_document.lambda_assume_role",
            "module.roles.data.aws_iam_policy_document.lambda_permissions",
            "module.roles.data.aws_iam_policy_document.merge_permissions",
            "module.roles.data.aws_iam_policy_document.start_pipeline_permissions",
            "module.roles.data.aws_iam_policy_document.state_machine_permissions",
            "module.roles.data.aws_iam_policy_document.step_func_assume_role",
            "module.roles.data.aws_iam_policy_document.wits_permissions",
            "module.schedules.data.aws_iam_policy_document.scheduler_policy"
          ]
        }
      ]
    },
    {
      "module": "module.schedules",
      "mode": "managed",
      "type": "aws_iam_role",
      "name": "scheduler_role",
      "provider": "provider[\"registry.terraform.io/hashicorp/aws\"]",
      "instances": [
        {
          "schema_version": 0,
          "attributes": {
            "arn": "arn:aws:iam::133433735071:role/scheduler_role",
            "assume_role_policy": "{\"Statement\":[{\"Action\":\"sts:AssumeRole\",\"Effect\":\"Allow\",\"Principal\":{\"Service\":\"scheduler.amazonaws.com\"}}],\"Version\":\"2012-10-17\"}",
            "create_date": "2024-01-15T10:48:10Z",
            "description": "",
            "force_detach_policies": false,
            "id": "scheduler_role",
            "inline_policy": [],
            "managed_policy_arns": [
              "arn:aws:iam::133433735071:policy/scheduler_policy"
            ],
            "max_session_duration": 3600,
            "name": "scheduler_role",
            "name_prefix": "",
            "path": "/",
            "permissions_boundary": "",
            "tags": {},
            "tags_all": {},
            "unique_id": "AROAR6EKFG6PUESHMUQ6S"
          },
          "sensitive_attributes": [],
          "private": "bnVsbA==",
          "dependencies": [
            "module.database.aws_db_instance.rds_instance",
            "module.database.data.aws_security_group.default",
            "module.functions.aws_lambda_function.create_problem",
            "module.functions.aws_lambda_function.get_prices",
            "module.functions.aws_lambda_function.log_request",
            "module.functions.aws_lambda_function.merge",
            "module.functions.aws_lambda_function.prsl",
            "module.functions.aws_lambda_function.prss",
            "module.functions.aws_lambda_function.purge",
            "module.functions.aws_lambda_function.solver",
            "module.functions.data.aws_ecr_repository.create_problem",
            "module.functions.data.aws_ecr_repository.get_prices",
            "module.functions.data.aws_ecr_repository.log_request",
            "module.functions.data.aws_ecr_repository.merge",
            "module.functions.data.aws_ecr_repository.prsl",
            "module.functions.data.aws_ecr_repository.prss",
            "module.functions.data.aws_ecr_repository.purge",
            "module.functions.data.aws_ecr_repository.solver",
            "module.network.aws_eip.visible_address",
            "module.network.aws_nat_gateway.nat_gateway",
            "module.network.aws_route_table.private",
            "module.network.aws_route_table_association.instance",
            "module.network.aws_security_group.connect_to_rds",
            "module.network.aws_security_group.lambda_to_rds",
            "module.network.aws_security_group.rds_to_lambda",
            "module.network.data.aws_internet_gateway.default",
            "module.network.data.aws_subnets.default",
            "module.network.data.aws_vpc.default",
            "module.queue.aws_sqs_queue.wits_data_queue",
            "module.queue.aws_sqs_queue.wits_dead_queue",
            "module.queue.aws_sqs_queue_redrive_allow_policy.queue_redrive_allow_policy",
            "module.roles.aws_iam_policy.lambda_policy",
            "module.roles.aws_iam_policy.merge_policy",
            "module.roles.aws_iam_policy.start_pipeline_policy",
            "module.roles.aws_iam_policy.state_machine_policy",
            "module.roles.aws_iam_policy.wits_policy",
            "module.roles.aws_iam_role.lambda_execution_role",
            "module.roles.aws_iam_role.merge_execution_role",
            "module.roles.aws_iam_role.start_pipeline_role",
            "module.roles.aws_iam_role.state_machine_execution_role",
            "module.roles.aws_iam_role.wits_execution_role",
            "module.roles.aws_iam_role_policy_attachment.attach_lambda_policy",
            "module.roles.aws_iam_role_policy_attachment.attach_merge_policy",
            "module.roles.aws_iam_role_policy_attachment.attach_start_pipeline_policy",
            "module.roles.aws_iam_role_policy_attachment.attach_state_machine_policy",
            "module.roles.aws_iam_role_policy_attachment.attach_wits_policy",
            "module.roles.data.aws_iam_policy_document.lambda_assume_role",
            "module.roles.data.aws_iam_policy_document.lambda_permissions",
            "module.roles.data.aws_iam_policy_document.merge_permissions",
            "module.roles.data.aws_iam_policy_document.start_pipeline_permissions",
            "module.roles.data.aws_iam_policy_document.state_machine_permissions",
            "module.roles.data.aws_iam_policy_document.step_func_assume_role",
            "module.roles.data.aws_iam_policy_document.wits_permissions",
            "module.schedules.data.aws_iam_policy_document.scheduler_assume_role"
          ]
        }
      ]
    },
    {
      "module": "module.schedules",
      "mode": "managed",
      "type": "aws_iam_role_policy_attachment",
      "name": "scheduler_role_policy_attach",
      "provider": "provider[\"registry.terraform.io/hashicorp/aws\"]",
      "instances": [
        {
          "schema_version": 0,
          "attributes": {
            "id": "scheduler_role-20240115104813570800000003",
            "policy_arn": "arn:aws:iam::133433735071:policy/scheduler_policy",
            "role": "scheduler_role"
          },
          "sensitive_attributes": [],
          "private": "bnVsbA==",
          "dependencies": [
            "module.database.aws_db_instance.rds_instance",
            "module.database.data.aws_security_group.default",
            "module.functions.aws_lambda_function.create_problem",
            "module.functions.aws_lambda_function.get_prices",
            "module.functions.aws_lambda_function.log_request",
            "module.functions.aws_lambda_function.merge",
            "module.functions.aws_lambda_function.prsl",
            "module.functions.aws_lambda_function.prss",
            "module.functions.aws_lambda_function.purge",
            "module.functions.aws_lambda_function.solver",
            "module.functions.data.aws_ecr_repository.create_problem",
            "module.functions.data.aws_ecr_repository.get_prices",
            "module.functions.data.aws_ecr_repository.log_request",
            "module.functions.data.aws_ecr_repository.merge",
            "module.functions.data.aws_ecr_repository.prsl",
            "module.functions.data.aws_ecr_repository.prss",
            "module.functions.data.aws_ecr_repository.purge",
            "module.functions.data.aws_ecr_repository.solver",
            "module.network.aws_eip.visible_address",
            "module.network.aws_nat_gateway.nat_gateway",
            "module.network.aws_route_table.private",
            "module.network.aws_route_table_association.instance",
            "module.network.aws_security_group.connect_to_rds",
            "module.network.aws_security_group.lambda_to_rds",
            "module.network.aws_security_group.rds_to_lambda",
            "module.network.data.aws_internet_gateway.default",
            "module.network.data.aws_subnets.default",
            "module.network.data.aws_vpc.default",
            "module.queue.aws_sqs_queue.wits_data_queue",
            "module.queue.aws_sqs_queue.wits_dead_queue",
            "module.queue.aws_sqs_queue_redrive_allow_policy.queue_redrive_allow_policy",
            "module.roles.aws_iam_policy.lambda_policy",
            "module.roles.aws_iam_policy.merge_policy",
            "module.roles.aws_iam_policy.start_pipeline_policy",
            "module.roles.aws_iam_policy.state_machine_policy",
            "module.roles.aws_iam_policy.wits_policy",
            "module.roles.aws_iam_role.lambda_execution_role",
            "module.roles.aws_iam_role.merge_execution_role",
            "module.roles.aws_iam_role.start_pipeline_role",
            "module.roles.aws_iam_role.state_machine_execution_role",
            "module.roles.aws_iam_role.wits_execution_role",
            "module.roles.aws_iam_role_policy_attachment.attach_lambda_policy",
            "module.roles.aws_iam_role_policy_attachment.attach_merge_policy",
            "module.roles.aws_iam_role_policy_attachment.attach_start_pipeline_policy",
            "module.roles.aws_iam_role_policy_attachment.attach_state_machine_policy",
            "module.roles.aws_iam_role_policy_attachment.attach_wits_policy",
            "module.roles.data.aws_iam_policy_document.lambda_assume_role",
            "module.roles.data.aws_iam_policy_document.lambda_permissions",
            "module.roles.data.aws_iam_policy_document.merge_permissions",
            "module.roles.data.aws_iam_policy_document.start_pipeline_permissions",
            "module.roles.data.aws_iam_policy_document.state_machine_permissions",
            "module.roles.data.aws_iam_policy_document.step_func_assume_role",
            "module.roles.data.aws_iam_policy_document.wits_permissions",
            "module.schedules.aws_iam_policy.scheduler_policy",
            "module.schedules.aws_iam_role.scheduler_role",
            "module.schedules.data.aws_iam_policy_document.scheduler_assume_role",
            "module.schedules.data.aws_iam_policy_document.scheduler_policy"
          ]
        }
      ]
    },
    {
      "module": "module.schedules",
      "mode": "managed",
      "type": "aws_scheduler_schedule",
      "name": "prsl_schedule",
      "provider": "provider[\"registry.terraform.io/hashicorp/aws\"]",
      "instances": [
        {
          "schema_version": 0,
          "attributes": {
            "arn": "arn:aws:scheduler:eu-north-1:133433735071:schedule/default/prsl_schedule",
            "description": "Triggers call to WITS API for PRSL forecast data, every 2 hours",
            "end_date": "",
            "flexible_time_window": [
              {
                "maximum_window_in_minutes": 2,
                "mode": "FLEXIBLE"
              }
            ],
            "group_name": "default",
            "id": "default/prsl_schedule",
            "kms_key_arn": "",
            "name": "prsl_schedule",
            "name_prefix": "",
            "schedule_expression": "cron(15 */2 * * ? *)",
            "schedule_expression_timezone": "Pacific/Auckland",
            "start_date": "",
            "state": "ENABLED",
            "target": [
              {
                "arn": "arn:aws:lambda:eu-north-1:133433735071:function:prsl",
                "dead_letter_config": [],
                "ecs_parameters": [],
                "eventbridge_parameters": [],
                "input": "",
                "kinesis_parameters": [],
                "retry_policy": [
                  {
                    "maximum_event_age_in_seconds": 86400,
                    "maximum_retry_attempts": 185
                  }
                ],
                "role_arn": "arn:aws:iam::133433735071:role/scheduler_role",
                "sagemaker_pipeline_parameters": [],
                "sqs_parameters": []
              }
            ]
          },
          "sensitive_attributes": [],
          "private": "bnVsbA==",
          "dependencies": [
            "module.database.aws_db_instance.rds_instance",
            "module.database.data.aws_security_group.default",
            "module.functions.aws_lambda_function.create_problem",
            "module.functions.aws_lambda_function.get_prices",
            "module.functions.aws_lambda_function.log_request",
            "module.functions.aws_lambda_function.merge",
            "module.functions.aws_lambda_function.prsl",
            "module.functions.aws_lambda_function.prss",
            "module.functions.aws_lambda_function.purge",
            "module.functions.aws_lambda_function.solver",
            "module.functions.data.aws_ecr_repository.create_problem",
            "module.functions.data.aws_ecr_repository.get_prices",
            "module.functions.data.aws_ecr_repository.log_request",
            "module.functions.data.aws_ecr_repository.merge",
            "module.functions.data.aws_ecr_repository.prsl",
            "module.functions.data.aws_ecr_repository.prss",
            "module.functions.data.aws_ecr_repository.purge",
            "module.functions.data.aws_ecr_repository.solver",
            "module.network.aws_eip.visible_address",
            "module.network.aws_nat_gateway.nat_gateway",
            "module.network.aws_route_table.private",
            "module.network.aws_route_table_association.instance",
            "module.network.aws_security_group.connect_to_rds",
            "module.network.aws_security_group.lambda_to_rds",
            "module.network.aws_security_group.rds_to_lambda",
            "module.network.data.aws_internet_gateway.default",
            "module.network.data.aws_subnets.default",
            "module.network.data.aws_vpc.default",
            "module.queue.aws_sqs_queue.wits_data_queue",
            "module.queue.aws_sqs_queue.wits_dead_queue",
            "module.queue.aws_sqs_queue_redrive_allow_policy.queue_redrive_allow_policy",
            "module.roles.aws_iam_policy.lambda_policy",
            "module.roles.aws_iam_policy.merge_policy",
            "module.roles.aws_iam_policy.start_pipeline_policy",
            "module.roles.aws_iam_policy.state_machine_policy",
            "module.roles.aws_iam_policy.wits_policy",
            "module.roles.aws_iam_role.lambda_execution_role",
            "module.roles.aws_iam_role.merge_execution_role",
            "module.roles.aws_iam_role.start_pipeline_role",
            "module.roles.aws_iam_role.state_machine_execution_role",
            "module.roles.aws_iam_role.wits_execution_role",
            "module.roles.aws_iam_role_policy_attachment.attach_lambda_policy",
            "module.roles.aws_iam_role_policy_attachment.attach_merge_policy",
            "module.roles.aws_iam_role_policy_attachment.attach_start_pipeline_policy",
            "module.roles.aws_iam_role_policy_attachment.attach_state_machine_policy",
            "module.roles.aws_iam_role_policy_attachment.attach_wits_policy",
            "module.roles.data.aws_iam_policy_document.lambda_assume_role",
            "module.roles.data.aws_iam_policy_document.lambda_permissions",
            "module.roles.data.aws_iam_policy_document.merge_permissions",
            "module.roles.data.aws_iam_policy_document.start_pipeline_permissions",
            "module.roles.data.aws_iam_policy_document.state_machine_permissions",
            "module.roles.data.aws_iam_policy_document.step_func_assume_role",
            "module.roles.data.aws_iam_policy_document.wits_permissions",
            "module.schedules.aws_iam_role.scheduler_role",
            "module.schedules.data.aws_iam_policy_document.scheduler_assume_role"
          ]
        }
      ]
    },
    {
      "module": "module.schedules",
      "mode": "managed",
      "type": "aws_scheduler_schedule",
      "name": "prss_schedule",
      "provider": "provider[\"registry.terraform.io/hashicorp/aws\"]",
      "instances": [
        {
          "schema_version": 0,
          "attributes": {
            "arn": "arn:aws:scheduler:eu-north-1:133433735071:schedule/default/prss_schedule",
            "description": "Triggers call to WITS API for PRSS forecast data, every 30 min",
            "end_date": "",
            "flexible_time_window": [
              {
                "maximum_window_in_minutes": 2,
                "mode": "FLEXIBLE"
              }
            ],
            "group_name": "default",
            "id": "default/prss_schedule",
            "kms_key_arn": "",
            "name": "prss_schedule",
            "name_prefix": "",
            "schedule_expression": "cron(5,35 * * * ? *)",
            "schedule_expression_timezone": "Pacific/Auckland",
            "start_date": "",
            "state": "ENABLED",
            "target": [
              {
                "arn": "arn:aws:lambda:eu-north-1:133433735071:function:prss",
                "dead_letter_config": [],
                "ecs_parameters": [],
                "eventbridge_parameters": [],
                "input": "",
                "kinesis_parameters": [],
                "retry_policy": [
                  {
                    "maximum_event_age_in_seconds": 86400,
                    "maximum_retry_attempts": 185
                  }
                ],
                "role_arn": "arn:aws:iam::133433735071:role/scheduler_role",
                "sagemaker_pipeline_parameters": [],
                "sqs_parameters": []
              }
            ]
          },
          "sensitive_attributes": [],
          "private": "bnVsbA==",
          "dependencies": [
            "module.database.aws_db_instance.rds_instance",
            "module.database.data.aws_security_group.default",
            "module.functions.aws_lambda_function.create_problem",
            "module.functions.aws_lambda_function.get_prices",
            "module.functions.aws_lambda_function.log_request",
            "module.functions.aws_lambda_function.merge",
            "module.functions.aws_lambda_function.prsl",
            "module.functions.aws_lambda_function.prss",
            "module.functions.aws_lambda_function.purge",
            "module.functions.aws_lambda_function.solver",
            "module.functions.data.aws_ecr_repository.create_problem",
            "module.functions.data.aws_ecr_repository.get_prices",
            "module.functions.data.aws_ecr_repository.log_request",
            "module.functions.data.aws_ecr_repository.merge",
            "module.functions.data.aws_ecr_repository.prsl",
            "module.functions.data.aws_ecr_repository.prss",
            "module.functions.data.aws_ecr_repository.purge",
            "module.functions.data.aws_ecr_repository.solver",
            "module.network.aws_eip.visible_address",
            "module.network.aws_nat_gateway.nat_gateway",
            "module.network.aws_route_table.private",
            "module.network.aws_route_table_association.instance",
            "module.network.aws_security_group.connect_to_rds",
            "module.network.aws_security_group.lambda_to_rds",
            "module.network.aws_security_group.rds_to_lambda",
            "module.network.data.aws_internet_gateway.default",
            "module.network.data.aws_subnets.default",
            "module.network.data.aws_vpc.default",
            "module.queue.aws_sqs_queue.wits_data_queue",
            "module.queue.aws_sqs_queue.wits_dead_queue",
            "module.queue.aws_sqs_queue_redrive_allow_policy.queue_redrive_allow_policy",
            "module.roles.aws_iam_policy.lambda_policy",
            "module.roles.aws_iam_policy.merge_policy",
            "module.roles.aws_iam_policy.start_pipeline_policy",
            "module.roles.aws_iam_policy.state_machine_policy",
            "module.roles.aws_iam_policy.wits_policy",
            "module.roles.aws_iam_role.lambda_execution_role",
            "module.roles.aws_iam_role.merge_execution_role",
            "module.roles.aws_iam_role.start_pipeline_role",
            "module.roles.aws_iam_role.state_machine_execution_role",
            "module.roles.aws_iam_role.wits_execution_role",
            "module.roles.aws_iam_role_policy_attachment.attach_lambda_policy",
            "module.roles.aws_iam_role_policy_attachment.attach_merge_policy",
            "module.roles.aws_iam_role_policy_attachment.attach_start_pipeline_policy",
            "module.roles.aws_iam_role_policy_attachment.attach_state_machine_policy",
            "module.roles.aws_iam_role_policy_attachment.attach_wits_policy",
            "module.roles.data.aws_iam_policy_document.lambda_assume_role",
            "module.roles.data.aws_iam_policy_document.lambda_permissions",
            "module.roles.data.aws_iam_policy_document.merge_permissions",
            "module.roles.data.aws_iam_policy_document.start_pipeline_permissions",
            "module.roles.data.aws_iam_policy_document.state_machine_permissions",
            "module.roles.data.aws_iam_policy_document.step_func_assume_role",
            "module.roles.data.aws_iam_policy_document.wits_permissions",
            "module.schedules.aws_iam_role.scheduler_role",
            "module.schedules.data.aws_iam_policy_document.scheduler_assume_role"
          ]
        }
      ]
    },
    {
      "module": "module.schedules",
      "mode": "managed",
      "type": "aws_scheduler_schedule",
      "name": "purge_schedule",
      "provider": "provider[\"registry.terraform.io/hashicorp/aws\"]",
      "instances": [
        {
          "schema_version": 0,
          "attributes": {
            "arn": "arn:aws:scheduler:eu-north-1:133433735071:schedule/default/purge_schedule",
            "description": "Triggers a purge of the database, of outdated electricity price forecast data",
            "end_date": "",
            "flexible_time_window": [
              {
                "maximum_window_in_minutes": 20,
                "mode": "FLEXIBLE"
              }
            ],
            "group_name": "default",
            "id": "default/purge_schedule",
            "kms_key_arn": "",
            "name": "purge_schedule",
            "name_prefix": "",
            "schedule_expression": "cron(40 1 12 * ? *)",
            "schedule_expression_timezone": "Pacific/Auckland",
            "start_date": "",
            "state": "ENABLED",
            "target": [
              {
                "arn": "arn:aws:lambda:eu-north-1:133433735071:function:purge",
                "dead_letter_config": [],
                "ecs_parameters": [],
                "eventbridge_parameters": [],
                "input": "",
                "kinesis_parameters": [],
                "retry_policy": [
                  {
                    "maximum_event_age_in_seconds": 86400,
                    "maximum_retry_attempts": 185
                  }
                ],
                "role_arn": "arn:aws:iam::133433735071:role/scheduler_role",
                "sagemaker_pipeline_parameters": [],
                "sqs_parameters": []
              }
            ]
          },
          "sensitive_attributes": [],
          "private": "bnVsbA==",
          "dependencies": [
            "module.database.aws_db_instance.rds_instance",
            "module.database.data.aws_security_group.default",
            "module.functions.aws_lambda_function.create_problem",
            "module.functions.aws_lambda_function.get_prices",
            "module.functions.aws_lambda_function.log_request",
            "module.functions.aws_lambda_function.merge",
            "module.functions.aws_lambda_function.prsl",
            "module.functions.aws_lambda_function.prss",
            "module.functions.aws_lambda_function.purge",
            "module.functions.aws_lambda_function.solver",
            "module.functions.data.aws_ecr_repository.create_problem",
            "module.functions.data.aws_ecr_repository.get_prices",
            "module.functions.data.aws_ecr_repository.log_request",
            "module.functions.data.aws_ecr_repository.merge",
            "module.functions.data.aws_ecr_repository.prsl",
            "module.functions.data.aws_ecr_repository.prss",
            "module.functions.data.aws_ecr_repository.purge",
            "module.functions.data.aws_ecr_repository.solver",
            "module.network.aws_eip.visible_address",
            "module.network.aws_nat_gateway.nat_gateway",
            "module.network.aws_route_table.private",
            "module.network.aws_route_table_association.instance",
            "module.network.aws_security_group.connect_to_rds",
            "module.network.aws_security_group.lambda_to_rds",
            "module.network.aws_security_group.rds_to_lambda",
            "module.network.data.aws_internet_gateway.default",
            "module.network.data.aws_subnets.default",
            "module.network.data.aws_vpc.default",
            "module.queue.aws_sqs_queue.wits_data_queue",
            "module.queue.aws_sqs_queue.wits_dead_queue",
            "module.queue.aws_sqs_queue_redrive_allow_policy.queue_redrive_allow_policy",
            "module.roles.aws_iam_policy.lambda_policy",
            "module.roles.aws_iam_policy.merge_policy",
            "module.roles.aws_iam_policy.start_pipeline_policy",
            "module.roles.aws_iam_policy.state_machine_policy",
            "module.roles.aws_iam_policy.wits_policy",
            "module.roles.aws_iam_role.lambda_execution_role",
            "module.roles.aws_iam_role.merge_execution_role",
            "module.roles.aws_iam_role.start_pipeline_role",
            "module.roles.aws_iam_role.state_machine_execution_role",
            "module.roles.aws_iam_role.wits_execution_role",
            "module.roles.aws_iam_role_policy_attachment.attach_lambda_policy",
            "module.roles.aws_iam_role_policy_attachment.attach_merge_policy",
            "module.roles.aws_iam_role_policy_attachment.attach_start_pipeline_policy",
            "module.roles.aws_iam_role_policy_attachment.attach_state_machine_policy",
            "module.roles.aws_iam_role_policy_attachment.attach_wits_policy",
            "module.roles.data.aws_iam_policy_document.lambda_assume_role",
            "module.roles.data.aws_iam_policy_document.lambda_permissions",
            "module.roles.data.aws_iam_policy_document.merge_permissions",
            "module.roles.data.aws_iam_policy_document.start_pipeline_permissions",
            "module.roles.data.aws_iam_policy_document.state_machine_permissions",
            "module.roles.data.aws_iam_policy_document.step_func_assume_role",
            "module.roles.data.aws_iam_policy_document.wits_permissions",
            "module.schedules.aws_iam_role.scheduler_role",
            "module.schedules.data.aws_iam_policy_document.scheduler_assume_role"
          ]
        }
      ]
    },
    {
      "module": "module.state_machine",
      "mode": "data",
      "type": "aws_cloudwatch_log_group",
      "name": "problems_pipeline_state_machine",
      "provider": "provider[\"registry.terraform.io/hashicorp/aws\"]",
      "instances": [
        {
          "schema_version": 0,
          "attributes": {
            "arn": "arn:aws:logs:eu-north-1:133433735071:log-group:/aws/vendedlogs/states/problems_pipeline_state_machine",
            "creation_time": 1705541030357,
            "id": "/aws/vendedlogs/states/problems_pipeline_state_machine",
            "kms_key_id": "",
            "log_group_class": "STANDARD",
            "name": "/aws/vendedlogs/states/problems_pipeline_state_machine",
            "retention_in_days": 0,
            "tags": {}
          },
          "sensitive_attributes": []
        }
      ]
    },
    {
      "module": "module.state_machine",
      "mode": "managed",
      "type": "aws_sfn_state_machine",
      "name": "problems_pipeline_state_machine",
      "provider": "provider[\"registry.terraform.io/hashicorp/aws\"]",
      "instances": [
        {
          "schema_version": 0,
          "attributes": {
            "arn": "arn:aws:states:eu-north-1:133433735071:stateMachine:problems_pipeline_state_machine",
            "creation_date": "2024-01-21T01:24:45Z",
            "definition": "{\n  \"Comment\": \"Execute the lambda functions of the problems pipeline\",\n  \"StartAt\": \"create_problem\",\n  \"States\": {\n    \"create_problem\": {\n      \"Type\": \"Task\",\n      \"Resource\": \"arn:aws:lambda:eu-north-1:133433735071:function:create_problem\",\n      \"InputPath\": \"$\",\n      \"Next\": \"get_prices\"\n    },\n    \"get_prices\": {\n      \"Type\": \"Task\",\n      \"Resource\": \"arn:aws:lambda:eu-north-1:133433735071:function:get_prices\",\n      \"InputPath\": \"$\",\n      \"Next\": \"solver\"\n    },\n    \"solver\": {\n      \"Type\": \"Task\",\n      \"Resource\": \"arn:aws:lambda:eu-north-1:133433735071:function:solver\",\n      \"InputPath\": \"$\",\n      \"End\": true\n    }\n  }\n}\n",
            "description": "",
            "id": "arn:aws:states:eu-north-1:133433735071:stateMachine:problems_pipeline_state_machine",
            "logging_configuration": [
              {
                "include_execution_data": true,
                "level": "ALL",
                "log_destination": "arn:aws:logs:eu-north-1:133433735071:log-group:/aws/vendedlogs/states/problems_pipeline_state_machine:*"
              }
            ],
            "name": "problems_pipeline_state_machine",
            "name_prefix": "",
            "publish": false,
            "revision_id": "",
            "role_arn": "arn:aws:iam::133433735071:role/state_machine_execution_role",
            "state_machine_version_arn": "",
            "status": "ACTIVE",
            "tags": {},
            "tags_all": {},
            "timeouts": null,
            "tracing_configuration": [
              {
                "enabled": false
              }
            ],
            "type": "EXPRESS",
            "version_description": null
          },
          "sensitive_attributes": [],
          "private": "eyJlMmJmYjczMC1lY2FhLTExZTYtOGY4OC0zNDM2M2JjN2M0YzAiOnsiY3JlYXRlIjozMDAwMDAwMDAwMDAsImRlbGV0ZSI6MzAwMDAwMDAwMDAwLCJ1cGRhdGUiOjYwMDAwMDAwMDAwfX0=",
          "dependencies": [
            "module.database.aws_db_instance.rds_instance",
            "module.database.data.aws_security_group.default",
            "module.functions.aws_lambda_function.create_problem",
            "module.functions.aws_lambda_function.get_prices",
            "module.functions.aws_lambda_function.log_request",
            "module.functions.aws_lambda_function.merge",
            "module.functions.aws_lambda_function.prsl",
            "module.functions.aws_lambda_function.prss",
            "module.functions.aws_lambda_function.purge",
            "module.functions.aws_lambda_function.solver",
            "module.functions.data.aws_ecr_repository.create_problem",
            "module.functions.data.aws_ecr_repository.get_prices",
            "module.functions.data.aws_ecr_repository.log_request",
            "module.functions.data.aws_ecr_repository.merge",
            "module.functions.data.aws_ecr_repository.prsl",
            "module.functions.data.aws_ecr_repository.prss",
            "module.functions.data.aws_ecr_repository.purge",
            "module.functions.data.aws_ecr_repository.solver",
            "module.network.aws_eip.visible_address",
            "module.network.aws_nat_gateway.nat_gateway",
            "module.network.aws_route_table.private",
            "module.network.aws_route_table_association.instance",
            "module.network.aws_security_group.connect_to_rds",
            "module.network.aws_security_group.lambda_to_rds",
            "module.network.aws_security_group.rds_to_lambda",
            "module.network.data.aws_internet_gateway.default",
            "module.network.data.aws_subnets.default",
            "module.network.data.aws_vpc.default",
            "module.queue.aws_sqs_queue.wits_data_queue",
            "module.queue.aws_sqs_queue.wits_dead_queue",
            "module.queue.aws_sqs_queue_redrive_allow_policy.queue_redrive_allow_policy",
            "module.roles.aws_iam_policy.lambda_policy",
            "module.roles.aws_iam_policy.merge_policy",
            "module.roles.aws_iam_policy.start_pipeline_policy",
            "module.roles.aws_iam_policy.state_machine_policy",
            "module.roles.aws_iam_policy.wits_policy",
            "module.roles.aws_iam_role.lambda_execution_role",
            "module.roles.aws_iam_role.merge_execution_role",
            "module.roles.aws_iam_role.start_pipeline_role",
            "module.roles.aws_iam_role.state_machine_execution_role",
            "module.roles.aws_iam_role.wits_execution_role",
            "module.roles.aws_iam_role_policy_attachment.attach_lambda_policy",
            "module.roles.aws_iam_role_policy_attachment.attach_merge_policy",
            "module.roles.aws_iam_role_policy_attachment.attach_start_pipeline_policy",
            "module.roles.aws_iam_role_policy_attachment.attach_state_machine_policy",
            "module.roles.aws_iam_role_policy_attachment.attach_wits_policy",
            "module.roles.data.aws_iam_policy_document.lambda_assume_role",
            "module.roles.data.aws_iam_policy_document.lambda_permissions",
            "module.roles.data.aws_iam_policy_document.merge_permissions",
            "module.roles.data.aws_iam_policy_document.start_pipeline_permissions",
            "module.roles.data.aws_iam_policy_document.state_machine_permissions",
            "module.roles.data.aws_iam_policy_document.step_func_assume_role",
            "module.roles.data.aws_iam_policy_document.wits_permissions",
            "module.state_machine.data.aws_cloudwatch_log_group.problems_pipeline_state_machine"
          ]
        }
      ]
    }
  ],
  "check_results": null
}
